// !$*UTF8*$!
{
	archiveVersion = 1;
	classes = {
	};
	objectVersion = 46;
	objects = {

/* Begin PBXBuildFile section */
		378FF3571A76C21800B2DFCD /* main.m in Sources */ = {isa = PBXBuildFile; fileRef = 378FF3561A76C21800B2DFCD /* main.m */; };
		378FF35A1A76C21800B2DFCD /* AppDelegate.m in Sources */ = {isa = PBXBuildFile; fileRef = 378FF3591A76C21800B2DFCD /* AppDelegate.m */; };
		378FF35D1A76C21800B2DFCD /* ViewController.m in Sources */ = {isa = PBXBuildFile; fileRef = 378FF35C1A76C21800B2DFCD /* ViewController.m */; };
		378FF3601A76C21800B2DFCD /* Main.storyboard in Resources */ = {isa = PBXBuildFile; fileRef = 378FF35E1A76C21800B2DFCD /* Main.storyboard */; };
		378FF3621A76C21800B2DFCD /* Images.xcassets in Resources */ = {isa = PBXBuildFile; fileRef = 378FF3611A76C21800B2DFCD /* Images.xcassets */; };
		378FF3651A76C21800B2DFCD /* LaunchScreen.xib in Resources */ = {isa = PBXBuildFile; fileRef = 378FF3631A76C21800B2DFCD /* LaunchScreen.xib */; };
		378FF3711A76C21800B2DFCD /* datesTimeTests.m in Sources */ = {isa = PBXBuildFile; fileRef = 378FF3701A76C21800B2DFCD /* datesTimeTests.m */; };
/* End PBXBuildFile section */

/* Begin PBXContainerItemProxy section */
		378FF36B1A76C21800B2DFCD /* PBXContainerItemProxy */ = {
			isa = PBXContainerItemProxy;
			containerPortal = 378FF3491A76C21800B2DFCD /* Project object */;
			proxyType = 1;
			remoteGlobalIDString = 378FF3501A76C21800B2DFCD;
			remoteInfo = datesTime;
		};
/* End PBXContainerItemProxy section */

/* Begin PBXFileReference section */
		378FF3511A76C21800B2DFCD /* datesTime.app */ = {isa = PBXFileReference; explicitFileType = wrapper.application; includeInIndex = 0; path = datesTime.app; sourceTree = BUILT_PRODUCTS_DIR; };
		378FF3551A76C21800B2DFCD /* Info.plist */ = {isa = PBXFileReference; lastKnownFileType = text.plist.xml; path = Info.plist; sourceTree = "<group>"; };
		378FF3561A76C21800B2DFCD /* main.m */ = {isa = PBXFileReference; lastKnownFileType = sourcecode.c.objc; path = main.m; sourceTree = "<group>"; };
		378FF3581A76C21800B2DFCD /* AppDelegate.h */ = {isa = PBXFileReference; lastKnownFileType = sourcecode.c.h; path = AppDelegate.h; sourceTree = "<group>"; };
		378FF3591A76C21800B2DFCD /* AppDelegate.m */ = {isa = PBXFileReference; lastKnownFileType = sourcecode.c.objc; path = AppDelegate.m; sourceTree = "<group>"; };
		378FF35B1A76C21800B2DFCD /* ViewController.h */ = {isa = PBXFileReference; lastKnownFileType = sourcecode.c.h; path = ViewController.h; sourceTree = "<group>"; };
		378FF35C1A76C21800B2DFCD /* ViewController.m */ = {isa = PBXFileReference; lastKnownFileType = sourcecode.c.objc; path = ViewController.m; sourceTree = "<group>"; };
		378FF35F1A76C21800B2DFCD /* Base */ = {isa = PBXFileReference; lastKnownFileType = file.storyboard; name = Base; path = Base.lproj/Main.storyboard; sourceTree = "<group>"; };
		378FF3611A76C21800B2DFCD /* Images.xcassets */ = {isa = PBXFileReference; lastKnownFileType = folder.assetcatalog; path = Images.xcassets; sourceTree = "<group>"; };
		378FF3641A76C21800B2DFCD /* Base */ = {isa = PBXFileReference; lastKnownFileType = file.xib; name = Base; path = Base.lproj/LaunchScreen.xib; sourceTree = "<group>"; };
		378FF36A1A76C21800B2DFCD /* datesTimeTests.xctest */ = {isa = PBXFileReference; explicitFileType = wrapper.cfbundle; includeInIndex = 0; path = datesTimeTests.xctest; sourceTree = BUILT_PRODUCTS_DIR; };
		378FF36F1A76C21800B2DFCD /* Info.plist */ = {isa = PBXFileReference; lastKnownFileType = text.plist.xml; path = Info.plist; sourceTree = "<group>"; };
		378FF3701A76C21800B2DFCD /* datesTimeTests.m */ = {isa = PBXFileReference; lastKnownFileType = sourcecode.c.objc; path = datesTimeTests.m; sourceTree = "<group>"; };
/* End PBXFileReference section */

/* Begin PBXFrameworksBuildPhase section */
		378FF34E1A76C21800B2DFCD /* Frameworks */ = {
			isa = PBXFrameworksBuildPhase;
			buildActionMask = 2147483647;
			files = (
			);
			runOnlyForDeploymentPostprocessing = 0;
		};
		378FF3671A76C21800B2DFCD /* Frameworks */ = {
			isa = PBXFrameworksBuildPhase;
			buildActionMask = 2147483647;
			files = (
			);
			runOnlyForDeploymentPostprocessing = 0;
		};
/* End PBXFrameworksBuildPhase section */

/* Begin PBXGroup section */
		378FF3481A76C21400B2DFCD = {
			isa = PBXGroup;
			children = (
				378FF3531A76C21800B2DFCD /* datesTime */,
				378FF36D1A76C21800B2DFCD /* datesTimeTests */,
				378FF3521A76C21800B2DFCD /* Products */,
			);
			sourceTree = "<group>";
		};
		378FF3521A76C21800B2DFCD /* Products */ = {
			isa = PBXGroup;
			children = (
				378FF3511A76C21800B2DFCD /* datesTime.app */,
				378FF36A1A76C21800B2DFCD /* datesTimeTests.xctest */,
			);
			name = Products;
			sourceTree = "<group>";
		};
		378FF3531A76C21800B2DFCD /* datesTime */ = {
			isa = PBXGroup;
			children = (
				378FF3581A76C21800B2DFCD /* AppDelegate.h */,
				378FF3591A76C21800B2DFCD /* AppDelegate.m */,
				378FF35B1A76C21800B2DFCD /* ViewController.h */,
				378FF35C1A76C21800B2DFCD /* ViewController.m */,
				378FF35E1A76C21800B2DFCD /* Main.storyboard */,
				378FF3611A76C21800B2DFCD /* Images.xcassets */,
				378FF3631A76C21800B2DFCD /* LaunchScreen.xib */,
				378FF3541A76C21800B2DFCD /* Supporting Files */,
			);
			path = datesTime;
			sourceTree = "<group>";
		};
		378FF3541A76C21800B2DFCD /* Supporting Files */ = {
			isa = PBXGroup;
			children = (
				378FF3551A76C21800B2DFCD /* Info.plist */,
				378FF3561A76C21800B2DFCD /* main.m */,
			);
			name = "Supporting Files";
			sourceTree = "<group>";
		};
		378FF36D1A76C21800B2DFCD /* datesTimeTests */ = {
			isa = PBXGroup;
			children = (
				378FF3701A76C21800B2DFCD /* datesTimeTests.m */,
				378FF36E1A76C21800B2DFCD /* Supporting Files */,
			);
			path = datesTimeTests;
			sourceTree = "<group>";
		};
		378FF36E1A76C21800B2DFCD /* Supporting Files */ = {
			isa = PBXGroup;
			children = (
				378FF36F1A76C21800B2DFCD /* Info.plist */,
			);
			name = "Supporting Files";
			sourceTree = "<group>";
		};
/* End PBXGroup section */

/* Begin PBXNativeTarget section */
		378FF3501A76C21800B2DFCD /* datesTime */ = {
			isa = PBXNativeTarget;
			buildConfigurationList = 378FF3741A76C21800B2DFCD /* Build configuration list for PBXNativeTarget "datesTime" */;
			buildPhases = (
				378FF34D1A76C21800B2DFCD /* Sources */,
				378FF34E1A76C21800B2DFCD /* Frameworks */,
				378FF34F1A76C21800B2DFCD /* Resources */,
			);
			buildRules = (
			);
			dependencies = (
			);
			name = datesTime;
			productName = datesTime;
			productReference = 378FF3511A76C21800B2DFCD /* datesTime.app */;
			productType = "com.apple.product-type.application";
		};
		378FF3691A76C21800B2DFCD /* datesTimeTests */ = {
			isa = PBXNativeTarget;
			buildConfigurationList = 378FF3771A76C21800B2DFCD /* Build configuration list for PBXNativeTarget "datesTimeTests" */;
			buildPhases = (
				378FF3661A76C21800B2DFCD /* Sources */,
				378FF3671A76C21800B2DFCD /* Frameworks */,
				378FF3681A76C21800B2DFCD /* Resources */,
			);
			buildRules = (
			);
			dependencies = (
				378FF36C1A76C21800B2DFCD /* PBXTargetDependency */,
			);
			name = datesTimeTests;
			productName = datesTimeTests;
			productReference = 378FF36A1A76C21800B2DFCD /* datesTimeTests.xctest */;
			productType = "com.apple.product-type.bundle.unit-test";
		};
/* End PBXNativeTarget section */

/* Begin PBXProject section */
		378FF3491A76C21800B2DFCD /* Project object */ = {
			isa = PBXProject;
			attributes = {
				LastUpgradeCheck = 0610;
				ORGANIZATIONNAME = "Balbina Santana";
				TargetAttributes = {
					378FF3501A76C21800B2DFCD = {
						CreatedOnToolsVersion = 6.1.1;
					};
					378FF3691A76C21800B2DFCD = {
						CreatedOnToolsVersion = 6.1.1;
						TestTargetID = 378FF3501A76C21800B2DFCD;
					};
				};
			};
			buildConfigurationList = 378FF34C1A76C21800B2DFCD /* Build configuration list for PBXProject "datesTime" */;
			compatibilityVersion = "Xcode 3.2";
			developmentRegion = English;
			hasScannedForEncodings = 0;
			knownRegions = (
				en,
				Base,
			);
			mainGroup = 378FF3481A76C21400B2DFCD;
			productRefGroup = 378FF3521A76C21800B2DFCD /* Products */;
			projectDirPath = "";
			projectRoot = "";
			targets = (
				378FF3501A76C21800B2DFCD /* datesTime */,
				378FF3691A76C21800B2DFCD /* datesTimeTests */,
			);
		};
/* End PBXProject section */

/* Begin PBXResourcesBuildPhase section */
		378FF34F1A76C21800B2DFCD /* Resources */ = {
			isa = PBXResourcesBuildPhase;
			buildActionMask = 2147483647;
			files = (
				378FF3601A76C21800B2DFCD /* Main.storyboard in Resources */,
				378FF3651A76C21800B2DFCD /* LaunchScreen.xib in Resources */,
				378FF3621A76C21800B2DFCD /* Images.xcassets in Resources */,
			);
			runOnlyForDeploymentPostprocessing = 0;
		};
		378FF3681A76C21800B2DFCD /* Resources */ = {
			isa = PBXResourcesBuildPhase;
			buildActionMask = 2147483647;
			files = (
			);
			runOnlyForDeploymentPostprocessing = 0;
		};
/* End PBXResourcesBuildPhase section */

/* Begin PBXSourcesBuildPhase section */
		378FF34D1A76C21800B2DFCD /* Sources */ = {
			isa = PBXSourcesBuildPhase;
			buildActionMask = 2147483647;
			files = (
				378FF35D1A76C21800B2DFCD /* ViewController.m in Sources */,
				378FF35A1A76C21800B2DFCD /* AppDelegate.m in Sources */,
				378FF3571A76C21800B2DFCD /* main.m in Sources */,
			);
			runOnlyForDeploymentPostprocessing = 0;
		};
		378FF3661A76C21800B2DFCD /* Sources */ = {
			isa = PBXSourcesBuildPhase;
			buildActionMask = 2147483647;
			files = (
				378FF3711A76C21800B2DFCD /* datesTimeTests.m in Sources */,
			);
			runOnlyForDeploymentPostprocessing = 0;
		};
/* End PBXSourcesBuildPhase section */

/* Begin PBXTargetDependency section */
		378FF36C1A76C21800B2DFCD /* PBXTargetDependency */ = {
			isa = PBXTargetDependency;
			target = 378FF3501A76C21800B2DFCD /* datesTime */;
			targetProxy = 378FF36B1A76C21800B2DFCD /* PBXContainerItemProxy */;
		};
/* End PBXTargetDependency section */

/* Begin PBXVariantGroup section */
		378FF35E1A76C21800B2DFCD /* Main.storyboard */ = {
			isa = PBXVariantGroup;
			children = (
				378FF35F1A76C21800B2DFCD /* Base */,
			);
			name = Main.storyboard;
			sourceTree = "<group>";
		};
		378FF3631A76C21800B2DFCD /* LaunchScreen.xib */ = {
			isa = PBXVariantGroup;
			children = (
				378FF3641A76C21800B2DFCD /* Base */,
			);
			name = LaunchScreen.xib;
			sourceTree = "<group>";
		};
/* End PBXVariantGroup section */

/* Begin XCBuildConfiguration section */
		378FF3721A76C21800B2DFCD /* Debug */ = {
			isa = XCBuildConfiguration;
			buildSettings = {
				ALWAYS_SEARCH_USER_PATHS = NO;
				CLANG_CXX_LANGUAGE_STANDARD = "gnu++0x";
				CLANG_CXX_LIBRARY = "libc++";
				CLANG_ENABLE_MODULES = YES;
				CLANG_ENABLE_OBJC_ARC = YES;
				CLANG_WARN_BOOL_CONVERSION = YES;
				CLANG_WARN_CONSTANT_CONVERSION = YES;
				CLANG_WARN_DIRECT_OBJC_ISA_USAGE = YES_ERROR;
				CLANG_WARN_EMPTY_BODY = YES;
				CLANG_WARN_ENUM_CONVERSION = YES;
				CLANG_WARN_INT_CONVERSION = YES;
				CLANG_WARN_OBJC_ROOT_CLASS = YES_ERROR;
				CLANG_WARN_UNREACHABLE_CODE = YES;
				CLANG_WARN__DUPLICATE_METHOD_MATCH = YES;
				"CODE_SIGN_IDENTITY[sdk=iphoneos*]" = "iPhone Developer";
				COPY_PHASE_STRIP = NO;
				ENABLE_STRICT_OBJC_MSGSEND = YES;
				GCC_C_LANGUAGE_STANDARD = gnu99;
				GCC_DYNAMIC_NO_PIC = NO;
				GCC_OPTIMIZATION_LEVEL = 0;
				GCC_PREPROCESSOR_DEFINITIONS = (
					"DEBUG=1",
					"$(inherited)",
				);
				GCC_SYMBOLS_PRIVATE_EXTERN = NO;
				GCC_WARN_64_TO_32_BIT_CONVERSION = YES;
				GCC_WARN_ABOUT_RETURN_TYPE = YES_ERROR;
				GCC_WARN_UNDECLARED_SELECTOR = YES;
				GCC_WARN_UNINITIALIZED_AUTOS = YES_AGGRESSIVE;
				GCC_WARN_UNUSED_FUNCTION = YES;
				GCC_WARN_UNUSED_VARIABLE = YES;
				IPHONEOS_DEPLOYMENT_TARGET = 8.1;
				MTL_ENABLE_DEBUG_INFO = YES;
				ONLY_ACTIVE_ARCH = YES;
				SDKROOT = iphoneos;
			};
			name = Debug;
		};
		378FF3731A76C21800B2DFCD /* Release */ = {
			isa = XCBuildConfiguration;
			buildSettings = {
				ALWAYS_SEARCH_USER_PATHS = NO;
				CLANG_CXX_LANGUAGE_STANDARD = "gnu++0x";
				CLANG_CXX_LIBRARY = "libc++";
				CLANG_ENABLE_MODULES = YES;
				CLANG_ENABLE_OBJC_ARC = YES;
				CLANG_WARN_BOOL_CONVERSION = YES;
				CLANG_WARN_CONSTANT_CONVERSION = YES;
				CLANG_WARN_DIRECT_OBJC_ISA_USAGE = YES_ERROR;
				CLANG_WARN_EMPTY_BODY = YES;
				CLANG_WARN_ENUM_CONVERSION = YES;
				CLANG_WARN_INT_CONVERSION = YES;
				CLANG_WARN_OBJC_ROOT_CLASS = YES_ERROR;
				CLANG_WARN_UNREACHABLE_CODE = YES;
				CLANG_WARN__DUPLICATE_METHOD_MATCH = YES;
				"CODE_SIGN_IDENTITY[sdk=iphoneos*]" = "iPhone Developer";
				COPY_PHASE_STRIP = YES;
				ENABLE_NS_ASSERTIONS = NO;
				ENABLE_STRICT_OBJC_MSGSEND = YES;
				GCC_C_LANGUAGE_STANDARD = gnu99;
				GCC_WARN_64_TO_32_BIT_CONVERSION = YES;
				GCC_WARN_ABOUT_RETURN_TYPE = YES_ERROR;
				GCC_WARN_UNDECLARED_SELECTOR = YES;
				GCC_WARN_UNINITIALIZED_AUTOS = YES_AGGRESSIVE;
				GCC_WARN_UNUSED_FUNCTION = YES;
				GCC_WARN_UNUSED_VARIABLE = YES;
				IPHONEOS_DEPLOYMENT_TARGET = 8.1;
				MTL_ENABLE_DEBUG_INFO = NO;
				SDKROOT = iphoneos;
				VALIDATE_PRODUCT = YES;
			};
			name = Release;
		};
		378FF3751A76C21800B2DFCD /* Debug */ = {
			isa = XCBuildConfiguration;
			buildSettings = {
				ASSETCATALOG_COMPILER_APPICON_NAME = AppIcon;
				INFOPLIST_FILE = datesTime/Info.plist;
				LD_RUNPATH_SEARCH_PATHS = "$(inherited) @executable_path/Frameworks";
				PRODUCT_NAME = "$(TARGET_NAME)";
			};
			name = Debug;
		};
		378FF3761A76C21800B2DFCD /* Release */ = {
			isa = XCBuildConfiguration;
			buildSettings = {
				ASSETCATALOG_COMPILER_APPICON_NAME = AppIcon;
				INFOPLIST_FILE = datesTime/Info.plist;
				LD_RUNPATH_SEARCH_PATHS = "$(inherited) @executable_path/Frameworks";
				PRODUCT_NAME = "$(TARGET_NAME)";
			};
			name = Release;
		};
		378FF3781A76C21800B2DFCD /* Debug */ = {
			isa = XCBuildConfiguration;
			buildSettings = {
				BUNDLE_LOADER = "$(TEST_HOST)";
				FRAMEWORK_SEARCH_PATHS = (
					"$(SDKROOT)/Developer/Library/Frameworks",
					"$(inherited)",
				);
				GCC_PREPROCESSOR_DEFINITIONS = (
					"DEBUG=1",
					"$(inherited)",
				);
				INFOPLIST_FILE = datesTimeTests/Info.plist;
				LD_RUNPATH_SEARCH_PATHS = "$(inherited) @executable_path/Frameworks @loader_path/Frameworks";
				PRODUCT_NAME = "$(TARGET_NAME)";
				TEST_HOST = "$(BUILT_PRODUCTS_DIR)/datesTime.app/datesTime";
			};
			name = Debug;
		};
		378FF3791A76C21800B2DFCD /* Release */ = {
			isa = XCBuildConfiguration;
			buildSettings = {
				BUNDLE_LOADER = "$(TEST_HOST)";
				FRAMEWORK_SEARCH_PATHS = (
					"$(SDKROOT)/Developer/Library/Frameworks",
					"$(inherited)",
				);
				INFOPLIST_FILE = datesTimeTests/Info.plist;
				LD_RUNPATH_SEARCH_PATHS = "$(inherited) @executable_path/Frameworks @loader_path/Frameworks";
				PRODUCT_NAME = "$(TARGET_NAME)";
				TEST_HOST = "$(BUILT_PRODUCTS_DIR)/datesTime.app/datesTime";
			};
			name = Release;
		};
/* End XCBuildConfiguration section */

/* Begin XCConfigurationList section */
		378FF34C1A76C21800B2DFCD /* Build configuration list for PBXProject "datesTime" */ = {
			isa = XCConfigurationList;
			buildConfigurations = (
				378FF3721A76C21800B2DFCD /* Debug */,
				378FF3731A76C21800B2DFCD /* Release */,
			);
			defaultConfigurationIsVisible = 0;
			defaultConfigurationName = Release;
		};
		378FF3741A76C21800B2DFCD /* Build configuration list for PBXNativeTarget "datesTime" */ = {
			isa = XCConfigurationList;
			buildConfigurations = (
				378FF3751A76C21800B2DFCD /* Debug */,
				378FF3761A76C21800B2DFCD /* Release */,
			);
			defaultConfigurationIsVisible = 0;
		};
		378FF3771A76C21800B2DFCD /* Build configuration list for PBXNativeTarget "datesTimeTests" */ = {
			isa = XCConfigurationList;
			buildConfigurations = (
				378FF3781A76C21800B2DFCD /* Debug */,
				378FF3791A76C21800B2DFCD /* Release */,
			);
			defaultConfigurationIsVisible = 0;
		};
/* End XCConfigurationList section */
	};
	rootObject = 378FF3491A76C21800B2DFCD /* Project object */;
}
