// !$*UTF8*$!
{
	archiveVersion = 1;
	classes = {
	};
	objectVersion = 46;
	objects = {

/* Begin PBXBuildFile section */
		37B0F70C1A8D24BF00941405 /* main.m in Sources */ = {isa = PBXBuildFile; fileRef = 37B0F70B1A8D24BF00941405 /* main.m */; };
		37B0F70F1A8D24BF00941405 /* AppDelegate.m in Sources */ = {isa = PBXBuildFile; fileRef = 37B0F70E1A8D24BF00941405 /* AppDelegate.m */; };
		37B0F7121A8D24BF00941405 /* MasterViewController.m in Sources */ = {isa = PBXBuildFile; fileRef = 37B0F7111A8D24BF00941405 /* MasterViewController.m */; };
		37B0F7151A8D24BF00941405 /* DetailViewController.m in Sources */ = {isa = PBXBuildFile; fileRef = 37B0F7141A8D24BF00941405 /* DetailViewController.m */; };
		37B0F7181A8D24BF00941405 /* Main.storyboard in Resources */ = {isa = PBXBuildFile; fileRef = 37B0F7161A8D24BF00941405 /* Main.storyboard */; };
		37B0F71A1A8D24BF00941405 /* Images.xcassets in Resources */ = {isa = PBXBuildFile; fileRef = 37B0F7191A8D24BF00941405 /* Images.xcassets */; };
		37B0F71D1A8D24BF00941405 /* LaunchScreen.xib in Resources */ = {isa = PBXBuildFile; fileRef = 37B0F71B1A8D24BF00941405 /* LaunchScreen.xib */; };
		37B0F7291A8D24BF00941405 /* listaContactosMasterDetailTests.m in Sources */ = {isa = PBXBuildFile; fileRef = 37B0F7281A8D24BF00941405 /* listaContactosMasterDetailTests.m */; };
		37B0F7341A8D250400941405 /* Contacto.m in Sources */ = {isa = PBXBuildFile; fileRef = 37B0F7331A8D250400941405 /* Contacto.m */; };
		37B0F7371A8D2F8800941405 /* ViewControllerAgregar.m in Sources */ = {isa = PBXBuildFile; fileRef = 37B0F7361A8D2F8800941405 /* ViewControllerAgregar.m */; };
/* End PBXBuildFile section */

/* Begin PBXContainerItemProxy section */
		37B0F7231A8D24BF00941405 /* PBXContainerItemProxy */ = {
			isa = PBXContainerItemProxy;
			containerPortal = 37B0F6FE1A8D24BF00941405 /* Project object */;
			proxyType = 1;
			remoteGlobalIDString = 37B0F7051A8D24BF00941405;
			remoteInfo = listaContactosMasterDetail;
		};
/* End PBXContainerItemProxy section */

/* Begin PBXFileReference section */
		37B0F7061A8D24BF00941405 /* listaContactosMasterDetail.app */ = {isa = PBXFileReference; explicitFileType = wrapper.application; includeInIndex = 0; path = listaContactosMasterDetail.app; sourceTree = BUILT_PRODUCTS_DIR; };
		37B0F70A1A8D24BF00941405 /* Info.plist */ = {isa = PBXFileReference; lastKnownFileType = text.plist.xml; path = Info.plist; sourceTree = "<group>"; };
		37B0F70B1A8D24BF00941405 /* main.m */ = {isa = PBXFileReference; lastKnownFileType = sourcecode.c.objc; path = main.m; sourceTree = "<group>"; };
		37B0F70D1A8D24BF00941405 /* AppDelegate.h */ = {isa = PBXFileReference; lastKnownFileType = sourcecode.c.h; path = AppDelegate.h; sourceTree = "<group>"; };
		37B0F70E1A8D24BF00941405 /* AppDelegate.m */ = {isa = PBXFileReference; lastKnownFileType = sourcecode.c.objc; path = AppDelegate.m; sourceTree = "<group>"; };
		37B0F7101A8D24BF00941405 /* MasterViewController.h */ = {isa = PBXFileReference; lastKnownFileType = sourcecode.c.h; path = MasterViewController.h; sourceTree = "<group>"; };
		37B0F7111A8D24BF00941405 /* MasterViewController.m */ = {isa = PBXFileReference; lastKnownFileType = sourcecode.c.objc; path = MasterViewController.m; sourceTree = "<group>"; };
		37B0F7131A8D24BF00941405 /* DetailViewController.h */ = {isa = PBXFileReference; lastKnownFileType = sourcecode.c.h; path = DetailViewController.h; sourceTree = "<group>"; };
		37B0F7141A8D24BF00941405 /* DetailViewController.m */ = {isa = PBXFileReference; lastKnownFileType = sourcecode.c.objc; path = DetailViewController.m; sourceTree = "<group>"; };
		37B0F7171A8D24BF00941405 /* Base */ = {isa = PBXFileReference; lastKnownFileType = file.storyboard; name = Base; path = Base.lproj/Main.storyboard; sourceTree = "<group>"; };
		37B0F7191A8D24BF00941405 /* Images.xcassets */ = {isa = PBXFileReference; lastKnownFileType = folder.assetcatalog; path = Images.xcassets; sourceTree = "<group>"; };
		37B0F71C1A8D24BF00941405 /* Base */ = {isa = PBXFileReference; lastKnownFileType = file.xib; name = Base; path = Base.lproj/LaunchScreen.xib; sourceTree = "<group>"; };
		37B0F7221A8D24BF00941405 /* listaContactosMasterDetailTests.xctest */ = {isa = PBXFileReference; explicitFileType = wrapper.cfbundle; includeInIndex = 0; path = listaContactosMasterDetailTests.xctest; sourceTree = BUILT_PRODUCTS_DIR; };
		37B0F7271A8D24BF00941405 /* Info.plist */ = {isa = PBXFileReference; lastKnownFileType = text.plist.xml; path = Info.plist; sourceTree = "<group>"; };
		37B0F7281A8D24BF00941405 /* listaContactosMasterDetailTests.m */ = {isa = PBXFileReference; lastKnownFileType = sourcecode.c.objc; path = listaContactosMasterDetailTests.m; sourceTree = "<group>"; };
		37B0F7321A8D250400941405 /* Contacto.h */ = {isa = PBXFileReference; fileEncoding = 4; lastKnownFileType = sourcecode.c.h; name = Contacto.h; path = ../Contacto.h; sourceTree = "<group>"; };
		37B0F7331A8D250400941405 /* Contacto.m */ = {isa = PBXFileReference; fileEncoding = 4; lastKnownFileType = sourcecode.c.objc; name = Contacto.m; path = ../Contacto.m; sourceTree = "<group>"; };
		37B0F7351A8D2F8800941405 /* ViewControllerAgregar.h */ = {isa = PBXFileReference; fileEncoding = 4; lastKnownFileType = sourcecode.c.h; path = ViewControllerAgregar.h; sourceTree = "<group>"; };
		37B0F7361A8D2F8800941405 /* ViewControllerAgregar.m */ = {isa = PBXFileReference; fileEncoding = 4; lastKnownFileType = sourcecode.c.objc; path = ViewControllerAgregar.m; sourceTree = "<group>"; };
/* End PBXFileReference section */

/* Begin PBXFrameworksBuildPhase section */
		37B0F7031A8D24BF00941405 /* Frameworks */ = {
			isa = PBXFrameworksBuildPhase;
			buildActionMask = 2147483647;
			files = (
			);
			runOnlyForDeploymentPostprocessing = 0;
		};
		37B0F71F1A8D24BF00941405 /* Frameworks */ = {
			isa = PBXFrameworksBuildPhase;
			buildActionMask = 2147483647;
			files = (
			);
			runOnlyForDeploymentPostprocessing = 0;
		};
/* End PBXFrameworksBuildPhase section */

/* Begin PBXGroup section */
		37B0F6FD1A8D24BF00941405 = {
			isa = PBXGroup;
			children = (
				37B0F7081A8D24BF00941405 /* listaContactosMasterDetail */,
				37B0F7251A8D24BF00941405 /* listaContactosMasterDetailTests */,
				37B0F7071A8D24BF00941405 /* Products */,
			);
			sourceTree = "<group>";
		};
		37B0F7071A8D24BF00941405 /* Products */ = {
			isa = PBXGroup;
			children = (
				37B0F7061A8D24BF00941405 /* listaContactosMasterDetail.app */,
				37B0F7221A8D24BF00941405 /* listaContactosMasterDetailTests.xctest */,
			);
			name = Products;
			sourceTree = "<group>";
		};
		37B0F7081A8D24BF00941405 /* listaContactosMasterDetail */ = {
			isa = PBXGroup;
			children = (
				37B0F7321A8D250400941405 /* Contacto.h */,
				37B0F7331A8D250400941405 /* Contacto.m */,
				37B0F70D1A8D24BF00941405 /* AppDelegate.h */,
				37B0F70E1A8D24BF00941405 /* AppDelegate.m */,
				37B0F7101A8D24BF00941405 /* MasterViewController.h */,
				37B0F7111A8D24BF00941405 /* MasterViewController.m */,
				37B0F7351A8D2F8800941405 /* ViewControllerAgregar.h */,
				37B0F7361A8D2F8800941405 /* ViewControllerAgregar.m */,
				37B0F7131A8D24BF00941405 /* DetailViewController.h */,
				37B0F7141A8D24BF00941405 /* DetailViewController.m */,
				37B0F7161A8D24BF00941405 /* Main.storyboard */,
				37B0F7191A8D24BF00941405 /* Images.xcassets */,
				37B0F71B1A8D24BF00941405 /* LaunchScreen.xib */,
				37B0F7091A8D24BF00941405 /* Supporting Files */,
			);
			path = listaContactosMasterDetail;
			sourceTree = "<group>";
		};
		37B0F7091A8D24BF00941405 /* Supporting Files */ = {
			isa = PBXGroup;
			children = (
				37B0F70A1A8D24BF00941405 /* Info.plist */,
				37B0F70B1A8D24BF00941405 /* main.m */,
			);
			name = "Supporting Files";
			sourceTree = "<group>";
		};
		37B0F7251A8D24BF00941405 /* listaContactosMasterDetailTests */ = {
			isa = PBXGroup;
			children = (
				37B0F7281A8D24BF00941405 /* listaContactosMasterDetailTests.m */,
				37B0F7261A8D24BF00941405 /* Supporting Files */,
			);
			path = listaContactosMasterDetailTests;
			sourceTree = "<group>";
		};
		37B0F7261A8D24BF00941405 /* Supporting Files */ = {
			isa = PBXGroup;
			children = (
				37B0F7271A8D24BF00941405 /* Info.plist */,
			);
			name = "Supporting Files";
			sourceTree = "<group>";
		};
/* End PBXGroup section */

/* Begin PBXNativeTarget section */
		37B0F7051A8D24BF00941405 /* listaContactosMasterDetail */ = {
			isa = PBXNativeTarget;
			buildConfigurationList = 37B0F72C1A8D24BF00941405 /* Build configuration list for PBXNativeTarget "listaContactosMasterDetail" */;
			buildPhases = (
				37B0F7021A8D24BF00941405 /* Sources */,
				37B0F7031A8D24BF00941405 /* Frameworks */,
				37B0F7041A8D24BF00941405 /* Resources */,
			);
			buildRules = (
			);
			dependencies = (
			);
			name = listaContactosMasterDetail;
			productName = listaContactosMasterDetail;
			productReference = 37B0F7061A8D24BF00941405 /* listaContactosMasterDetail.app */;
			productType = "com.apple.product-type.application";
		};
		37B0F7211A8D24BF00941405 /* listaContactosMasterDetailTests */ = {
			isa = PBXNativeTarget;
			buildConfigurationList = 37B0F72F1A8D24BF00941405 /* Build configuration list for PBXNativeTarget "listaContactosMasterDetailTests" */;
			buildPhases = (
				37B0F71E1A8D24BF00941405 /* Sources */,
				37B0F71F1A8D24BF00941405 /* Frameworks */,
				37B0F7201A8D24BF00941405 /* Resources */,
			);
			buildRules = (
			);
			dependencies = (
				37B0F7241A8D24BF00941405 /* PBXTargetDependency */,
			);
			name = listaContactosMasterDetailTests;
			productName = listaContactosMasterDetailTests;
			productReference = 37B0F7221A8D24BF00941405 /* listaContactosMasterDetailTests.xctest */;
			productType = "com.apple.product-type.bundle.unit-test";
		};
/* End PBXNativeTarget section */

/* Begin PBXProject section */
		37B0F6FE1A8D24BF00941405 /* Project object */ = {
			isa = PBXProject;
			attributes = {
				LastUpgradeCheck = 0610;
				ORGANIZATIONNAME = "Balbina Santana";
				TargetAttributes = {
					37B0F7051A8D24BF00941405 = {
						CreatedOnToolsVersion = 6.1.1;
					};
					37B0F7211A8D24BF00941405 = {
						CreatedOnToolsVersion = 6.1.1;
						TestTargetID = 37B0F7051A8D24BF00941405;
					};
				};
			};
			buildConfigurationList = 37B0F7011A8D24BF00941405 /* Build configuration list for PBXProject "listaContactosMasterDetail" */;
			compatibilityVersion = "Xcode 3.2";
			developmentRegion = English;
			hasScannedForEncodings = 0;
			knownRegions = (
				en,
				Base,
			);
			mainGroup = 37B0F6FD1A8D24BF00941405;
			productRefGroup = 37B0F7071A8D24BF00941405 /* Products */;
			projectDirPath = "";
			projectRoot = "";
			targets = (
				37B0F7051A8D24BF00941405 /* listaContactosMasterDetail */,
				37B0F7211A8D24BF00941405 /* listaContactosMasterDetailTests */,
			);
		};
/* End PBXProject section */

/* Begin PBXResourcesBuildPhase section */
		37B0F7041A8D24BF00941405 /* Resources */ = {
			isa = PBXResourcesBuildPhase;
			buildActionMask = 2147483647;
			files = (
				37B0F7181A8D24BF00941405 /* Main.storyboard in Resources */,
				37B0F71D1A8D24BF00941405 /* LaunchScreen.xib in Resources */,
				37B0F71A1A8D24BF00941405 /* Images.xcassets in Resources */,
			);
			runOnlyForDeploymentPostprocessing = 0;
		};
		37B0F7201A8D24BF00941405 /* Resources */ = {
			isa = PBXResourcesBuildPhase;
			buildActionMask = 2147483647;
			files = (
			);
			runOnlyForDeploymentPostprocessing = 0;
		};
/* End PBXResourcesBuildPhase section */

/* Begin PBXSourcesBuildPhase section */
		37B0F7021A8D24BF00941405 /* Sources */ = {
			isa = PBXSourcesBuildPhase;
			buildActionMask = 2147483647;
			files = (
				37B0F70F1A8D24BF00941405 /* AppDelegate.m in Sources */,
				37B0F7121A8D24BF00941405 /* MasterViewController.m in Sources */,
				37B0F70C1A8D24BF00941405 /* main.m in Sources */,
				37B0F7341A8D250400941405 /* Contacto.m in Sources */,
				37B0F7371A8D2F8800941405 /* ViewControllerAgregar.m in Sources */,
				37B0F7151A8D24BF00941405 /* DetailViewController.m in Sources */,
			);
			runOnlyForDeploymentPostprocessing = 0;
		};
		37B0F71E1A8D24BF00941405 /* Sources */ = {
			isa = PBXSourcesBuildPhase;
			buildActionMask = 2147483647;
			files = (
				37B0F7291A8D24BF00941405 /* listaContactosMasterDetailTests.m in Sources */,
			);
			runOnlyForDeploymentPostprocessing = 0;
		};
/* End PBXSourcesBuildPhase section */

/* Begin PBXTargetDependency section */
		37B0F7241A8D24BF00941405 /* PBXTargetDependency */ = {
			isa = PBXTargetDependency;
			target = 37B0F7051A8D24BF00941405 /* listaContactosMasterDetail */;
			targetProxy = 37B0F7231A8D24BF00941405 /* PBXContainerItemProxy */;
		};
/* End PBXTargetDependency section */

/* Begin PBXVariantGroup section */
		37B0F7161A8D24BF00941405 /* Main.storyboard */ = {
			isa = PBXVariantGroup;
			children = (
				37B0F7171A8D24BF00941405 /* Base */,
			);
			name = Main.storyboard;
			sourceTree = "<group>";
		};
		37B0F71B1A8D24BF00941405 /* LaunchScreen.xib */ = {
			isa = PBXVariantGroup;
			children = (
				37B0F71C1A8D24BF00941405 /* Base */,
			);
			name = LaunchScreen.xib;
			sourceTree = "<group>";
		};
/* End PBXVariantGroup section */

/* Begin XCBuildConfiguration section */
		37B0F72A1A8D24BF00941405 /* Debug */ = {
			isa = XCBuildConfiguration;
			buildSettings = {
				ALWAYS_SEARCH_USER_PATHS = NO;
				CLANG_CXX_LANGUAGE_STANDARD = "gnu++0x";
				CLANG_CXX_LIBRARY = "libc++";
				CLANG_ENABLE_MODULES = YES;
				CLANG_ENABLE_OBJC_ARC = YES;
				CLANG_WARN_BOOL_CONVERSION = YES;
				CLANG_WARN_CONSTANT_CONVERSION = YES;
				CLANG_WARN_DIRECT_OBJC_ISA_USAGE = YES_ERROR;
				CLANG_WARN_EMPTY_BODY = YES;
				CLANG_WARN_ENUM_CONVERSION = YES;
				CLANG_WARN_INT_CONVERSION = YES;
				CLANG_WARN_OBJC_ROOT_CLASS = YES_ERROR;
				CLANG_WARN_UNREACHABLE_CODE = YES;
				CLANG_WARN__DUPLICATE_METHOD_MATCH = YES;
				"CODE_SIGN_IDENTITY[sdk=iphoneos*]" = "iPhone Developer";
				COPY_PHASE_STRIP = NO;
				ENABLE_STRICT_OBJC_MSGSEND = YES;
				GCC_C_LANGUAGE_STANDARD = gnu99;
				GCC_DYNAMIC_NO_PIC = NO;
				GCC_OPTIMIZATION_LEVEL = 0;
				GCC_PREPROCESSOR_DEFINITIONS = (
					"DEBUG=1",
					"$(inherited)",
				);
				GCC_SYMBOLS_PRIVATE_EXTERN = NO;
				GCC_WARN_64_TO_32_BIT_CONVERSION = YES;
				GCC_WARN_ABOUT_RETURN_TYPE = YES_ERROR;
				GCC_WARN_UNDECLARED_SELECTOR = YES;
				GCC_WARN_UNINITIALIZED_AUTOS = YES_AGGRESSIVE;
				GCC_WARN_UNUSED_FUNCTION = YES;
				GCC_WARN_UNUSED_VARIABLE = YES;
				IPHONEOS_DEPLOYMENT_TARGET = 8.1;
				MTL_ENABLE_DEBUG_INFO = YES;
				ONLY_ACTIVE_ARCH = YES;
				SDKROOT = iphoneos;
			};
			name = Debug;
		};
		37B0F72B1A8D24BF00941405 /* Release */ = {
			isa = XCBuildConfiguration;
			buildSettings = {
				ALWAYS_SEARCH_USER_PATHS = NO;
				CLANG_CXX_LANGUAGE_STANDARD = "gnu++0x";
				CLANG_CXX_LIBRARY = "libc++";
				CLANG_ENABLE_MODULES = YES;
				CLANG_ENABLE_OBJC_ARC = YES;
				CLANG_WARN_BOOL_CONVERSION = YES;
				CLANG_WARN_CONSTANT_CONVERSION = YES;
				CLANG_WARN_DIRECT_OBJC_ISA_USAGE = YES_ERROR;
				CLANG_WARN_EMPTY_BODY = YES;
				CLANG_WARN_ENUM_CONVERSION = YES;
				CLANG_WARN_INT_CONVERSION = YES;
				CLANG_WARN_OBJC_ROOT_CLASS = YES_ERROR;
				CLANG_WARN_UNREACHABLE_CODE = YES;
				CLANG_WARN__DUPLICATE_METHOD_MATCH = YES;
				"CODE_SIGN_IDENTITY[sdk=iphoneos*]" = "iPhone Developer";
				COPY_PHASE_STRIP = YES;
				ENABLE_NS_ASSERTIONS = NO;
				ENABLE_STRICT_OBJC_MSGSEND = YES;
				GCC_C_LANGUAGE_STANDARD = gnu99;
				GCC_WARN_64_TO_32_BIT_CONVERSION = YES;
				GCC_WARN_ABOUT_RETURN_TYPE = YES_ERROR;
				GCC_WARN_UNDECLARED_SELECTOR = YES;
				GCC_WARN_UNINITIALIZED_AUTOS = YES_AGGRESSIVE;
				GCC_WARN_UNUSED_FUNCTION = YES;
				GCC_WARN_UNUSED_VARIABLE = YES;
				IPHONEOS_DEPLOYMENT_TARGET = 8.1;
				MTL_ENABLE_DEBUG_INFO = NO;
				SDKROOT = iphoneos;
				VALIDATE_PRODUCT = YES;
			};
			name = Release;
		};
		37B0F72D1A8D24BF00941405 /* Debug */ = {
			isa = XCBuildConfiguration;
			buildSettings = {
				ASSETCATALOG_COMPILER_APPICON_NAME = AppIcon;
				INFOPLIST_FILE = listaContactosMasterDetail/Info.plist;
				LD_RUNPATH_SEARCH_PATHS = "$(inherited) @executable_path/Frameworks";
				PRODUCT_NAME = "$(TARGET_NAME)";
			};
			name = Debug;
		};
		37B0F72E1A8D24BF00941405 /* Release */ = {
			isa = XCBuildConfiguration;
			buildSettings = {
				ASSETCATALOG_COMPILER_APPICON_NAME = AppIcon;
				INFOPLIST_FILE = listaContactosMasterDetail/Info.plist;
				LD_RUNPATH_SEARCH_PATHS = "$(inherited) @executable_path/Frameworks";
				PRODUCT_NAME = "$(TARGET_NAME)";
			};
			name = Release;
		};
		37B0F7301A8D24BF00941405 /* Debug */ = {
			isa = XCBuildConfiguration;
			buildSettings = {
				BUNDLE_LOADER = "$(TEST_HOST)";
				FRAMEWORK_SEARCH_PATHS = (
					"$(SDKROOT)/Developer/Library/Frameworks",
					"$(inherited)",
				);
				GCC_PREPROCESSOR_DEFINITIONS = (
					"DEBUG=1",
					"$(inherited)",
				);
				INFOPLIST_FILE = listaContactosMasterDetailTests/Info.plist;
				LD_RUNPATH_SEARCH_PATHS = "$(inherited) @executable_path/Frameworks @loader_path/Frameworks";
				PRODUCT_NAME = "$(TARGET_NAME)";
				TEST_HOST = "$(BUILT_PRODUCTS_DIR)/listaContactosMasterDetail.app/listaContactosMasterDetail";
			};
			name = Debug;
		};
		37B0F7311A8D24BF00941405 /* Release */ = {
			isa = XCBuildConfiguration;
			buildSettings = {
				BUNDLE_LOADER = "$(TEST_HOST)";
				FRAMEWORK_SEARCH_PATHS = (
					"$(SDKROOT)/Developer/Library/Frameworks",
					"$(inherited)",
				);
				INFOPLIST_FILE = listaContactosMasterDetailTests/Info.plist;
				LD_RUNPATH_SEARCH_PATHS = "$(inherited) @executable_path/Frameworks @loader_path/Frameworks";
				PRODUCT_NAME = "$(TARGET_NAME)";
				TEST_HOST = "$(BUILT_PRODUCTS_DIR)/listaContactosMasterDetail.app/listaContactosMasterDetail";
			};
			name = Release;
		};
/* End XCBuildConfiguration section */

/* Begin XCConfigurationList section */
		37B0F7011A8D24BF00941405 /* Build configuration list for PBXProject "listaContactosMasterDetail" */ = {
			isa = XCConfigurationList;
			buildConfigurations = (
				37B0F72A1A8D24BF00941405 /* Debug */,
				37B0F72B1A8D24BF00941405 /* Release */,
			);
			defaultConfigurationIsVisible = 0;
			defaultConfigurationName = Release;
		};
		37B0F72C1A8D24BF00941405 /* Build configuration list for PBXNativeTarget "listaContactosMasterDetail" */ = {
			isa = XCConfigurationList;
			buildConfigurations = (
				37B0F72D1A8D24BF00941405 /* Debug */,
				37B0F72E1A8D24BF00941405 /* Release */,
			);
			defaultConfigurationIsVisible = 0;
			defaultConfigurationName = Release;
		};
		37B0F72F1A8D24BF00941405 /* Build configuration list for PBXNativeTarget "listaContactosMasterDetailTests" */ = {
			isa = XCConfigurationList;
			buildConfigurations = (
				37B0F7301A8D24BF00941405 /* Debug */,
				37B0F7311A8D24BF00941405 /* Release */,
			);
			defaultConfigurationIsVisible = 0;
			defaultConfigurationName = Release;
		};
/* End XCConfigurationList section */
	};
	rootObject = 37B0F6FE1A8D24BF00941405 /* Project object */;
}
