// !$*UTF8*$!
{
	archiveVersion = 1;
	classes = {
	};
	objectVersion = 46;
	objects = {

/* Begin PBXBuildFile section */
		37DD8E111AA8E0E900F3F136 /* main.m in Sources */ = {isa = PBXBuildFile; fileRef = 37DD8E101AA8E0E900F3F136 /* main.m */; };
		37DD8E141AA8E0E900F3F136 /* AppDelegate.m in Sources */ = {isa = PBXBuildFile; fileRef = 37DD8E131AA8E0E900F3F136 /* AppDelegate.m */; };
		37DD8E171AA8E0E900F3F136 /* MasterViewController.m in Sources */ = {isa = PBXBuildFile; fileRef = 37DD8E161AA8E0E900F3F136 /* MasterViewController.m */; };
		37DD8E1A1AA8E0E900F3F136 /* DetailViewController.m in Sources */ = {isa = PBXBuildFile; fileRef = 37DD8E191AA8E0E900F3F136 /* DetailViewController.m */; };
		37DD8E1D1AA8E0E900F3F136 /* Main.storyboard in Resources */ = {isa = PBXBuildFile; fileRef = 37DD8E1B1AA8E0E900F3F136 /* Main.storyboard */; };
		37DD8E1F1AA8E0E900F3F136 /* Images.xcassets in Resources */ = {isa = PBXBuildFile; fileRef = 37DD8E1E1AA8E0E900F3F136 /* Images.xcassets */; };
		37DD8E221AA8E0E900F3F136 /* LaunchScreen.xib in Resources */ = {isa = PBXBuildFile; fileRef = 37DD8E201AA8E0E900F3F136 /* LaunchScreen.xib */; };
		37DD8E2E1AA8E0E900F3F136 /* CeldasEstaticasTests.m in Sources */ = {isa = PBXBuildFile; fileRef = 37DD8E2D1AA8E0E900F3F136 /* CeldasEstaticasTests.m */; };
		37DD8E391AA8E22F00F3F136 /* Vista2ViewController.m in Sources */ = {isa = PBXBuildFile; fileRef = 37DD8E381AA8E22F00F3F136 /* Vista2ViewController.m */; };
/* End PBXBuildFile section */

/* Begin PBXContainerItemProxy section */
		37DD8E281AA8E0E900F3F136 /* PBXContainerItemProxy */ = {
			isa = PBXContainerItemProxy;
			containerPortal = 37DD8E031AA8E0E900F3F136 /* Project object */;
			proxyType = 1;
			remoteGlobalIDString = 37DD8E0A1AA8E0E900F3F136;
			remoteInfo = CeldasEstaticas;
		};
/* End PBXContainerItemProxy section */

/* Begin PBXFileReference section */
		37DD8E0B1AA8E0E900F3F136 /* CeldasEstaticas.app */ = {isa = PBXFileReference; explicitFileType = wrapper.application; includeInIndex = 0; path = CeldasEstaticas.app; sourceTree = BUILT_PRODUCTS_DIR; };
		37DD8E0F1AA8E0E900F3F136 /* Info.plist */ = {isa = PBXFileReference; lastKnownFileType = text.plist.xml; path = Info.plist; sourceTree = "<group>"; };
		37DD8E101AA8E0E900F3F136 /* main.m */ = {isa = PBXFileReference; lastKnownFileType = sourcecode.c.objc; path = main.m; sourceTree = "<group>"; };
		37DD8E121AA8E0E900F3F136 /* AppDelegate.h */ = {isa = PBXFileReference; lastKnownFileType = sourcecode.c.h; path = AppDelegate.h; sourceTree = "<group>"; };
		37DD8E131AA8E0E900F3F136 /* AppDelegate.m */ = {isa = PBXFileReference; lastKnownFileType = sourcecode.c.objc; path = AppDelegate.m; sourceTree = "<group>"; };
		37DD8E151AA8E0E900F3F136 /* MasterViewController.h */ = {isa = PBXFileReference; lastKnownFileType = sourcecode.c.h; path = MasterViewController.h; sourceTree = "<group>"; };
		37DD8E161AA8E0E900F3F136 /* MasterViewController.m */ = {isa = PBXFileReference; lastKnownFileType = sourcecode.c.objc; path = MasterViewController.m; sourceTree = "<group>"; };
		37DD8E181AA8E0E900F3F136 /* DetailViewController.h */ = {isa = PBXFileReference; lastKnownFileType = sourcecode.c.h; path = DetailViewController.h; sourceTree = "<group>"; };
		37DD8E191AA8E0E900F3F136 /* DetailViewController.m */ = {isa = PBXFileReference; lastKnownFileType = sourcecode.c.objc; path = DetailViewController.m; sourceTree = "<group>"; };
		37DD8E1C1AA8E0E900F3F136 /* Base */ = {isa = PBXFileReference; lastKnownFileType = file.storyboard; name = Base; path = Base.lproj/Main.storyboard; sourceTree = "<group>"; };
		37DD8E1E1AA8E0E900F3F136 /* Images.xcassets */ = {isa = PBXFileReference; lastKnownFileType = folder.assetcatalog; path = Images.xcassets; sourceTree = "<group>"; };
		37DD8E211AA8E0E900F3F136 /* Base */ = {isa = PBXFileReference; lastKnownFileType = file.xib; name = Base; path = Base.lproj/LaunchScreen.xib; sourceTree = "<group>"; };
		37DD8E271AA8E0E900F3F136 /* CeldasEstaticasTests.xctest */ = {isa = PBXFileReference; explicitFileType = wrapper.cfbundle; includeInIndex = 0; path = CeldasEstaticasTests.xctest; sourceTree = BUILT_PRODUCTS_DIR; };
		37DD8E2C1AA8E0E900F3F136 /* Info.plist */ = {isa = PBXFileReference; lastKnownFileType = text.plist.xml; path = Info.plist; sourceTree = "<group>"; };
		37DD8E2D1AA8E0E900F3F136 /* CeldasEstaticasTests.m */ = {isa = PBXFileReference; lastKnownFileType = sourcecode.c.objc; path = CeldasEstaticasTests.m; sourceTree = "<group>"; };
		37DD8E371AA8E22F00F3F136 /* Vista2ViewController.h */ = {isa = PBXFileReference; fileEncoding = 4; lastKnownFileType = sourcecode.c.h; path = Vista2ViewController.h; sourceTree = "<group>"; };
		37DD8E381AA8E22F00F3F136 /* Vista2ViewController.m */ = {isa = PBXFileReference; fileEncoding = 4; lastKnownFileType = sourcecode.c.objc; path = Vista2ViewController.m; sourceTree = "<group>"; };
/* End PBXFileReference section */

/* Begin PBXFrameworksBuildPhase section */
		37DD8E081AA8E0E900F3F136 /* Frameworks */ = {
			isa = PBXFrameworksBuildPhase;
			buildActionMask = 2147483647;
			files = (
			);
			runOnlyForDeploymentPostprocessing = 0;
		};
		37DD8E241AA8E0E900F3F136 /* Frameworks */ = {
			isa = PBXFrameworksBuildPhase;
			buildActionMask = 2147483647;
			files = (
			);
			runOnlyForDeploymentPostprocessing = 0;
		};
/* End PBXFrameworksBuildPhase section */

/* Begin PBXGroup section */
		37DD8E021AA8E0E900F3F136 = {
			isa = PBXGroup;
			children = (
				37DD8E0D1AA8E0E900F3F136 /* CeldasEstaticas */,
				37DD8E2A1AA8E0E900F3F136 /* CeldasEstaticasTests */,
				37DD8E0C1AA8E0E900F3F136 /* Products */,
			);
			sourceTree = "<group>";
		};
		37DD8E0C1AA8E0E900F3F136 /* Products */ = {
			isa = PBXGroup;
			children = (
				37DD8E0B1AA8E0E900F3F136 /* CeldasEstaticas.app */,
				37DD8E271AA8E0E900F3F136 /* CeldasEstaticasTests.xctest */,
			);
			name = Products;
			sourceTree = "<group>";
		};
		37DD8E0D1AA8E0E900F3F136 /* CeldasEstaticas */ = {
			isa = PBXGroup;
			children = (
				37DD8E121AA8E0E900F3F136 /* AppDelegate.h */,
				37DD8E131AA8E0E900F3F136 /* AppDelegate.m */,
				37DD8E151AA8E0E900F3F136 /* MasterViewController.h */,
				37DD8E161AA8E0E900F3F136 /* MasterViewController.m */,
				37DD8E181AA8E0E900F3F136 /* DetailViewController.h */,
				37DD8E191AA8E0E900F3F136 /* DetailViewController.m */,
				37DD8E1B1AA8E0E900F3F136 /* Main.storyboard */,
				37DD8E371AA8E22F00F3F136 /* Vista2ViewController.h */,
				37DD8E381AA8E22F00F3F136 /* Vista2ViewController.m */,
				37DD8E1E1AA8E0E900F3F136 /* Images.xcassets */,
				37DD8E201AA8E0E900F3F136 /* LaunchScreen.xib */,
				37DD8E0E1AA8E0E900F3F136 /* Supporting Files */,
			);
			path = CeldasEstaticas;
			sourceTree = "<group>";
		};
		37DD8E0E1AA8E0E900F3F136 /* Supporting Files */ = {
			isa = PBXGroup;
			children = (
				37DD8E0F1AA8E0E900F3F136 /* Info.plist */,
				37DD8E101AA8E0E900F3F136 /* main.m */,
			);
			name = "Supporting Files";
			sourceTree = "<group>";
		};
		37DD8E2A1AA8E0E900F3F136 /* CeldasEstaticasTests */ = {
			isa = PBXGroup;
			children = (
				37DD8E2D1AA8E0E900F3F136 /* CeldasEstaticasTests.m */,
				37DD8E2B1AA8E0E900F3F136 /* Supporting Files */,
			);
			path = CeldasEstaticasTests;
			sourceTree = "<group>";
		};
		37DD8E2B1AA8E0E900F3F136 /* Supporting Files */ = {
			isa = PBXGroup;
			children = (
				37DD8E2C1AA8E0E900F3F136 /* Info.plist */,
			);
			name = "Supporting Files";
			sourceTree = "<group>";
		};
/* End PBXGroup section */

/* Begin PBXNativeTarget section */
		37DD8E0A1AA8E0E900F3F136 /* CeldasEstaticas */ = {
			isa = PBXNativeTarget;
			buildConfigurationList = 37DD8E311AA8E0E900F3F136 /* Build configuration list for PBXNativeTarget "CeldasEstaticas" */;
			buildPhases = (
				37DD8E071AA8E0E900F3F136 /* Sources */,
				37DD8E081AA8E0E900F3F136 /* Frameworks */,
				37DD8E091AA8E0E900F3F136 /* Resources */,
			);
			buildRules = (
			);
			dependencies = (
			);
			name = CeldasEstaticas;
			productName = CeldasEstaticas;
			productReference = 37DD8E0B1AA8E0E900F3F136 /* CeldasEstaticas.app */;
			productType = "com.apple.product-type.application";
		};
		37DD8E261AA8E0E900F3F136 /* CeldasEstaticasTests */ = {
			isa = PBXNativeTarget;
			buildConfigurationList = 37DD8E341AA8E0E900F3F136 /* Build configuration list for PBXNativeTarget "CeldasEstaticasTests" */;
			buildPhases = (
				37DD8E231AA8E0E900F3F136 /* Sources */,
				37DD8E241AA8E0E900F3F136 /* Frameworks */,
				37DD8E251AA8E0E900F3F136 /* Resources */,
			);
			buildRules = (
			);
			dependencies = (
				37DD8E291AA8E0E900F3F136 /* PBXTargetDependency */,
			);
			name = CeldasEstaticasTests;
			productName = CeldasEstaticasTests;
			productReference = 37DD8E271AA8E0E900F3F136 /* CeldasEstaticasTests.xctest */;
			productType = "com.apple.product-type.bundle.unit-test";
		};
/* End PBXNativeTarget section */

/* Begin PBXProject section */
		37DD8E031AA8E0E900F3F136 /* Project object */ = {
			isa = PBXProject;
			attributes = {
				LastUpgradeCheck = 0610;
				ORGANIZATIONNAME = "Balbina Santana";
				TargetAttributes = {
					37DD8E0A1AA8E0E900F3F136 = {
						CreatedOnToolsVersion = 6.1.1;
					};
					37DD8E261AA8E0E900F3F136 = {
						CreatedOnToolsVersion = 6.1.1;
						TestTargetID = 37DD8E0A1AA8E0E900F3F136;
					};
				};
			};
			buildConfigurationList = 37DD8E061AA8E0E900F3F136 /* Build configuration list for PBXProject "CeldasEstaticas" */;
			compatibilityVersion = "Xcode 3.2";
			developmentRegion = English;
			hasScannedForEncodings = 0;
			knownRegions = (
				en,
				Base,
			);
			mainGroup = 37DD8E021AA8E0E900F3F136;
			productRefGroup = 37DD8E0C1AA8E0E900F3F136 /* Products */;
			projectDirPath = "";
			projectRoot = "";
			targets = (
				37DD8E0A1AA8E0E900F3F136 /* CeldasEstaticas */,
				37DD8E261AA8E0E900F3F136 /* CeldasEstaticasTests */,
			);
		};
/* End PBXProject section */

/* Begin PBXResourcesBuildPhase section */
		37DD8E091AA8E0E900F3F136 /* Resources */ = {
			isa = PBXResourcesBuildPhase;
			buildActionMask = 2147483647;
			files = (
				37DD8E1D1AA8E0E900F3F136 /* Main.storyboard in Resources */,
				37DD8E221AA8E0E900F3F136 /* LaunchScreen.xib in Resources */,
				37DD8E1F1AA8E0E900F3F136 /* Images.xcassets in Resources */,
			);
			runOnlyForDeploymentPostprocessing = 0;
		};
		37DD8E251AA8E0E900F3F136 /* Resources */ = {
			isa = PBXResourcesBuildPhase;
			buildActionMask = 2147483647;
			files = (
			);
			runOnlyForDeploymentPostprocessing = 0;
		};
/* End PBXResourcesBuildPhase section */

/* Begin PBXSourcesBuildPhase section */
		37DD8E071AA8E0E900F3F136 /* Sources */ = {
			isa = PBXSourcesBuildPhase;
			buildActionMask = 2147483647;
			files = (
				37DD8E141AA8E0E900F3F136 /* AppDelegate.m in Sources */,
				37DD8E171AA8E0E900F3F136 /* MasterViewController.m in Sources */,
				37DD8E391AA8E22F00F3F136 /* Vista2ViewController.m in Sources */,
				37DD8E111AA8E0E900F3F136 /* main.m in Sources */,
				37DD8E1A1AA8E0E900F3F136 /* DetailViewController.m in Sources */,
			);
			runOnlyForDeploymentPostprocessing = 0;
		};
		37DD8E231AA8E0E900F3F136 /* Sources */ = {
			isa = PBXSourcesBuildPhase;
			buildActionMask = 2147483647;
			files = (
				37DD8E2E1AA8E0E900F3F136 /* CeldasEstaticasTests.m in Sources */,
			);
			runOnlyForDeploymentPostprocessing = 0;
		};
/* End PBXSourcesBuildPhase section */

/* Begin PBXTargetDependency section */
		37DD8E291AA8E0E900F3F136 /* PBXTargetDependency */ = {
			isa = PBXTargetDependency;
			target = 37DD8E0A1AA8E0E900F3F136 /* CeldasEstaticas */;
			targetProxy = 37DD8E281AA8E0E900F3F136 /* PBXContainerItemProxy */;
		};
/* End PBXTargetDependency section */

/* Begin PBXVariantGroup section */
		37DD8E1B1AA8E0E900F3F136 /* Main.storyboard */ = {
			isa = PBXVariantGroup;
			children = (
				37DD8E1C1AA8E0E900F3F136 /* Base */,
			);
			name = Main.storyboard;
			sourceTree = "<group>";
		};
		37DD8E201AA8E0E900F3F136 /* LaunchScreen.xib */ = {
			isa = PBXVariantGroup;
			children = (
				37DD8E211AA8E0E900F3F136 /* Base */,
			);
			name = LaunchScreen.xib;
			sourceTree = "<group>";
		};
/* End PBXVariantGroup section */

/* Begin XCBuildConfiguration section */
		37DD8E2F1AA8E0E900F3F136 /* Debug */ = {
			isa = XCBuildConfiguration;
			buildSettings = {
				ALWAYS_SEARCH_USER_PATHS = NO;
				CLANG_CXX_LANGUAGE_STANDARD = "gnu++0x";
				CLANG_CXX_LIBRARY = "libc++";
				CLANG_ENABLE_MODULES = YES;
				CLANG_ENABLE_OBJC_ARC = YES;
				CLANG_WARN_BOOL_CONVERSION = YES;
				CLANG_WARN_CONSTANT_CONVERSION = YES;
				CLANG_WARN_DIRECT_OBJC_ISA_USAGE = YES_ERROR;
				CLANG_WARN_EMPTY_BODY = YES;
				CLANG_WARN_ENUM_CONVERSION = YES;
				CLANG_WARN_INT_CONVERSION = YES;
				CLANG_WARN_OBJC_ROOT_CLASS = YES_ERROR;
				CLANG_WARN_UNREACHABLE_CODE = YES;
				CLANG_WARN__DUPLICATE_METHOD_MATCH = YES;
				"CODE_SIGN_IDENTITY[sdk=iphoneos*]" = "iPhone Developer";
				COPY_PHASE_STRIP = NO;
				ENABLE_STRICT_OBJC_MSGSEND = YES;
				GCC_C_LANGUAGE_STANDARD = gnu99;
				GCC_DYNAMIC_NO_PIC = NO;
				GCC_OPTIMIZATION_LEVEL = 0;
				GCC_PREPROCESSOR_DEFINITIONS = (
					"DEBUG=1",
					"$(inherited)",
				);
				GCC_SYMBOLS_PRIVATE_EXTERN = NO;
				GCC_WARN_64_TO_32_BIT_CONVERSION = YES;
				GCC_WARN_ABOUT_RETURN_TYPE = YES_ERROR;
				GCC_WARN_UNDECLARED_SELECTOR = YES;
				GCC_WARN_UNINITIALIZED_AUTOS = YES_AGGRESSIVE;
				GCC_WARN_UNUSED_FUNCTION = YES;
				GCC_WARN_UNUSED_VARIABLE = YES;
				IPHONEOS_DEPLOYMENT_TARGET = 8.1;
				MTL_ENABLE_DEBUG_INFO = YES;
				ONLY_ACTIVE_ARCH = YES;
				SDKROOT = iphoneos;
			};
			name = Debug;
		};
		37DD8E301AA8E0E900F3F136 /* Release */ = {
			isa = XCBuildConfiguration;
			buildSettings = {
				ALWAYS_SEARCH_USER_PATHS = NO;
				CLANG_CXX_LANGUAGE_STANDARD = "gnu++0x";
				CLANG_CXX_LIBRARY = "libc++";
				CLANG_ENABLE_MODULES = YES;
				CLANG_ENABLE_OBJC_ARC = YES;
				CLANG_WARN_BOOL_CONVERSION = YES;
				CLANG_WARN_CONSTANT_CONVERSION = YES;
				CLANG_WARN_DIRECT_OBJC_ISA_USAGE = YES_ERROR;
				CLANG_WARN_EMPTY_BODY = YES;
				CLANG_WARN_ENUM_CONVERSION = YES;
				CLANG_WARN_INT_CONVERSION = YES;
				CLANG_WARN_OBJC_ROOT_CLASS = YES_ERROR;
				CLANG_WARN_UNREACHABLE_CODE = YES;
				CLANG_WARN__DUPLICATE_METHOD_MATCH = YES;
				"CODE_SIGN_IDENTITY[sdk=iphoneos*]" = "iPhone Developer";
				COPY_PHASE_STRIP = YES;
				ENABLE_NS_ASSERTIONS = NO;
				ENABLE_STRICT_OBJC_MSGSEND = YES;
				GCC_C_LANGUAGE_STANDARD = gnu99;
				GCC_WARN_64_TO_32_BIT_CONVERSION = YES;
				GCC_WARN_ABOUT_RETURN_TYPE = YES_ERROR;
				GCC_WARN_UNDECLARED_SELECTOR = YES;
				GCC_WARN_UNINITIALIZED_AUTOS = YES_AGGRESSIVE;
				GCC_WARN_UNUSED_FUNCTION = YES;
				GCC_WARN_UNUSED_VARIABLE = YES;
				IPHONEOS_DEPLOYMENT_TARGET = 8.1;
				MTL_ENABLE_DEBUG_INFO = NO;
				SDKROOT = iphoneos;
				VALIDATE_PRODUCT = YES;
			};
			name = Release;
		};
		37DD8E321AA8E0E900F3F136 /* Debug */ = {
			isa = XCBuildConfiguration;
			buildSettings = {
				ASSETCATALOG_COMPILER_APPICON_NAME = AppIcon;
				INFOPLIST_FILE = CeldasEstaticas/Info.plist;
				LD_RUNPATH_SEARCH_PATHS = "$(inherited) @executable_path/Frameworks";
				PRODUCT_NAME = "$(TARGET_NAME)";
			};
			name = Debug;
		};
		37DD8E331AA8E0E900F3F136 /* Release */ = {
			isa = XCBuildConfiguration;
			buildSettings = {
				ASSETCATALOG_COMPILER_APPICON_NAME = AppIcon;
				INFOPLIST_FILE = CeldasEstaticas/Info.plist;
				LD_RUNPATH_SEARCH_PATHS = "$(inherited) @executable_path/Frameworks";
				PRODUCT_NAME = "$(TARGET_NAME)";
			};
			name = Release;
		};
		37DD8E351AA8E0E900F3F136 /* Debug */ = {
			isa = XCBuildConfiguration;
			buildSettings = {
				BUNDLE_LOADER = "$(TEST_HOST)";
				FRAMEWORK_SEARCH_PATHS = (
					"$(SDKROOT)/Developer/Library/Frameworks",
					"$(inherited)",
				);
				GCC_PREPROCESSOR_DEFINITIONS = (
					"DEBUG=1",
					"$(inherited)",
				);
				INFOPLIST_FILE = CeldasEstaticasTests/Info.plist;
				LD_RUNPATH_SEARCH_PATHS = "$(inherited) @executable_path/Frameworks @loader_path/Frameworks";
				PRODUCT_NAME = "$(TARGET_NAME)";
				TEST_HOST = "$(BUILT_PRODUCTS_DIR)/CeldasEstaticas.app/CeldasEstaticas";
			};
			name = Debug;
		};
		37DD8E361AA8E0E900F3F136 /* Release */ = {
			isa = XCBuildConfiguration;
			buildSettings = {
				BUNDLE_LOADER = "$(TEST_HOST)";
				FRAMEWORK_SEARCH_PATHS = (
					"$(SDKROOT)/Developer/Library/Frameworks",
					"$(inherited)",
				);
				INFOPLIST_FILE = CeldasEstaticasTests/Info.plist;
				LD_RUNPATH_SEARCH_PATHS = "$(inherited) @executable_path/Frameworks @loader_path/Frameworks";
				PRODUCT_NAME = "$(TARGET_NAME)";
				TEST_HOST = "$(BUILT_PRODUCTS_DIR)/CeldasEstaticas.app/CeldasEstaticas";
			};
			name = Release;
		};
/* End XCBuildConfiguration section */

/* Begin XCConfigurationList section */
		37DD8E061AA8E0E900F3F136 /* Build configuration list for PBXProject "CeldasEstaticas" */ = {
			isa = XCConfigurationList;
			buildConfigurations = (
				37DD8E2F1AA8E0E900F3F136 /* Debug */,
				37DD8E301AA8E0E900F3F136 /* Release */,
			);
			defaultConfigurationIsVisible = 0;
			defaultConfigurationName = Release;
		};
		37DD8E311AA8E0E900F3F136 /* Build configuration list for PBXNativeTarget "CeldasEstaticas" */ = {
			isa = XCConfigurationList;
			buildConfigurations = (
				37DD8E321AA8E0E900F3F136 /* Debug */,
				37DD8E331AA8E0E900F3F136 /* Release */,
			);
			defaultConfigurationIsVisible = 0;
		};
		37DD8E341AA8E0E900F3F136 /* Build configuration list for PBXNativeTarget "CeldasEstaticasTests" */ = {
			isa = XCConfigurationList;
			buildConfigurations = (
				37DD8E351AA8E0E900F3F136 /* Debug */,
				37DD8E361AA8E0E900F3F136 /* Release */,
			);
			defaultConfigurationIsVisible = 0;
		};
/* End XCConfigurationList section */
	};
	rootObject = 37DD8E031AA8E0E900F3F136 /* Project object */;
}
