// !$*UTF8*$!
{
	archiveVersion = 1;
	classes = {
	};
	objectVersion = 46;
	objects = {

/* Begin PBXBuildFile section */
		372327FC1AE56B8C001FF2CF /* main.m in Sources */ = {isa = PBXBuildFile; fileRef = 372327FB1AE56B8C001FF2CF /* main.m */; };
		372327FF1AE56B8C001FF2CF /* AppDelegate.m in Sources */ = {isa = PBXBuildFile; fileRef = 372327FE1AE56B8C001FF2CF /* AppDelegate.m */; };
		372328021AE56B8C001FF2CF /* ScrollView.xcdatamodeld in Sources */ = {isa = PBXBuildFile; fileRef = 372328001AE56B8C001FF2CF /* ScrollView.xcdatamodeld */; };
		372328051AE56B8C001FF2CF /* ViewController.m in Sources */ = {isa = PBXBuildFile; fileRef = 372328041AE56B8C001FF2CF /* ViewController.m */; };
		372328081AE56B8C001FF2CF /* Main.storyboard in Resources */ = {isa = PBXBuildFile; fileRef = 372328061AE56B8C001FF2CF /* Main.storyboard */; };
		3723280A1AE56B8C001FF2CF /* Images.xcassets in Resources */ = {isa = PBXBuildFile; fileRef = 372328091AE56B8C001FF2CF /* Images.xcassets */; };
		3723280D1AE56B8C001FF2CF /* LaunchScreen.xib in Resources */ = {isa = PBXBuildFile; fileRef = 3723280B1AE56B8C001FF2CF /* LaunchScreen.xib */; };
		372328191AE56B8C001FF2CF /* ScrollViewTests.m in Sources */ = {isa = PBXBuildFile; fileRef = 372328181AE56B8C001FF2CF /* ScrollViewTests.m */; };
		372328231AE56C2E001FF2CF /* paisaje1.jpg in Resources */ = {isa = PBXBuildFile; fileRef = 372328221AE56C2E001FF2CF /* paisaje1.jpg */; };
/* End PBXBuildFile section */

/* Begin PBXContainerItemProxy section */
		372328131AE56B8C001FF2CF /* PBXContainerItemProxy */ = {
			isa = PBXContainerItemProxy;
			containerPortal = 372327EE1AE56B8C001FF2CF /* Project object */;
			proxyType = 1;
			remoteGlobalIDString = 372327F51AE56B8C001FF2CF;
			remoteInfo = ScrollView;
		};
/* End PBXContainerItemProxy section */

/* Begin PBXFileReference section */
		372327F61AE56B8C001FF2CF /* ScrollView.app */ = {isa = PBXFileReference; explicitFileType = wrapper.application; includeInIndex = 0; path = ScrollView.app; sourceTree = BUILT_PRODUCTS_DIR; };
		372327FA1AE56B8C001FF2CF /* Info.plist */ = {isa = PBXFileReference; lastKnownFileType = text.plist.xml; path = Info.plist; sourceTree = "<group>"; };
		372327FB1AE56B8C001FF2CF /* main.m */ = {isa = PBXFileReference; lastKnownFileType = sourcecode.c.objc; path = main.m; sourceTree = "<group>"; };
		372327FD1AE56B8C001FF2CF /* AppDelegate.h */ = {isa = PBXFileReference; lastKnownFileType = sourcecode.c.h; path = AppDelegate.h; sourceTree = "<group>"; };
		372327FE1AE56B8C001FF2CF /* AppDelegate.m */ = {isa = PBXFileReference; lastKnownFileType = sourcecode.c.objc; path = AppDelegate.m; sourceTree = "<group>"; };
		372328011AE56B8C001FF2CF /* ScrollView.xcdatamodel */ = {isa = PBXFileReference; lastKnownFileType = wrapper.xcdatamodel; path = ScrollView.xcdatamodel; sourceTree = "<group>"; };
		372328031AE56B8C001FF2CF /* ViewController.h */ = {isa = PBXFileReference; lastKnownFileType = sourcecode.c.h; path = ViewController.h; sourceTree = "<group>"; };
		372328041AE56B8C001FF2CF /* ViewController.m */ = {isa = PBXFileReference; lastKnownFileType = sourcecode.c.objc; path = ViewController.m; sourceTree = "<group>"; };
		372328071AE56B8C001FF2CF /* Base */ = {isa = PBXFileReference; lastKnownFileType = file.storyboard; name = Base; path = Base.lproj/Main.storyboard; sourceTree = "<group>"; };
		372328091AE56B8C001FF2CF /* Images.xcassets */ = {isa = PBXFileReference; lastKnownFileType = folder.assetcatalog; path = Images.xcassets; sourceTree = "<group>"; };
		3723280C1AE56B8C001FF2CF /* Base */ = {isa = PBXFileReference; lastKnownFileType = file.xib; name = Base; path = Base.lproj/LaunchScreen.xib; sourceTree = "<group>"; };
		372328121AE56B8C001FF2CF /* ScrollViewTests.xctest */ = {isa = PBXFileReference; explicitFileType = wrapper.cfbundle; includeInIndex = 0; path = ScrollViewTests.xctest; sourceTree = BUILT_PRODUCTS_DIR; };
		372328171AE56B8C001FF2CF /* Info.plist */ = {isa = PBXFileReference; lastKnownFileType = text.plist.xml; path = Info.plist; sourceTree = "<group>"; };
		372328181AE56B8C001FF2CF /* ScrollViewTests.m */ = {isa = PBXFileReference; lastKnownFileType = sourcecode.c.objc; path = ScrollViewTests.m; sourceTree = "<group>"; };
		372328221AE56C2E001FF2CF /* paisaje1.jpg */ = {isa = PBXFileReference; lastKnownFileType = image.jpeg; name = paisaje1.jpg; path = ScrollView/paisaje1.jpg; sourceTree = "<group>"; };
/* End PBXFileReference section */

/* Begin PBXFrameworksBuildPhase section */
		372327F31AE56B8C001FF2CF /* Frameworks */ = {
			isa = PBXFrameworksBuildPhase;
			buildActionMask = 2147483647;
			files = (
			);
			runOnlyForDeploymentPostprocessing = 0;
		};
		3723280F1AE56B8C001FF2CF /* Frameworks */ = {
			isa = PBXFrameworksBuildPhase;
			buildActionMask = 2147483647;
			files = (
			);
			runOnlyForDeploymentPostprocessing = 0;
		};
/* End PBXFrameworksBuildPhase section */

/* Begin PBXGroup section */
		372327ED1AE56B8C001FF2CF = {
			isa = PBXGroup;
			children = (
				372327F81AE56B8C001FF2CF /* ScrollView */,
				372328151AE56B8C001FF2CF /* ScrollViewTests */,
				372327F71AE56B8C001FF2CF /* Products */,
				372328221AE56C2E001FF2CF /* paisaje1.jpg */,
			);
			sourceTree = "<group>";
		};
		372327F71AE56B8C001FF2CF /* Products */ = {
			isa = PBXGroup;
			children = (
				372327F61AE56B8C001FF2CF /* ScrollView.app */,
				372328121AE56B8C001FF2CF /* ScrollViewTests.xctest */,
			);
			name = Products;
			sourceTree = "<group>";
		};
		372327F81AE56B8C001FF2CF /* ScrollView */ = {
			isa = PBXGroup;
			children = (
				372327FD1AE56B8C001FF2CF /* AppDelegate.h */,
				372327FE1AE56B8C001FF2CF /* AppDelegate.m */,
				372328031AE56B8C001FF2CF /* ViewController.h */,
				372328041AE56B8C001FF2CF /* ViewController.m */,
				372328061AE56B8C001FF2CF /* Main.storyboard */,
				372328091AE56B8C001FF2CF /* Images.xcassets */,
				3723280B1AE56B8C001FF2CF /* LaunchScreen.xib */,
				372328001AE56B8C001FF2CF /* ScrollView.xcdatamodeld */,
				372327F91AE56B8C001FF2CF /* Supporting Files */,
			);
			path = ScrollView;
			sourceTree = "<group>";
		};
		372327F91AE56B8C001FF2CF /* Supporting Files */ = {
			isa = PBXGroup;
			children = (
				372327FA1AE56B8C001FF2CF /* Info.plist */,
				372327FB1AE56B8C001FF2CF /* main.m */,
			);
			name = "Supporting Files";
			sourceTree = "<group>";
		};
		372328151AE56B8C001FF2CF /* ScrollViewTests */ = {
			isa = PBXGroup;
			children = (
				372328181AE56B8C001FF2CF /* ScrollViewTests.m */,
				372328161AE56B8C001FF2CF /* Supporting Files */,
			);
			path = ScrollViewTests;
			sourceTree = "<group>";
		};
		372328161AE56B8C001FF2CF /* Supporting Files */ = {
			isa = PBXGroup;
			children = (
				372328171AE56B8C001FF2CF /* Info.plist */,
			);
			name = "Supporting Files";
			sourceTree = "<group>";
		};
/* End PBXGroup section */

/* Begin PBXNativeTarget section */
		372327F51AE56B8C001FF2CF /* ScrollView */ = {
			isa = PBXNativeTarget;
			buildConfigurationList = 3723281C1AE56B8C001FF2CF /* Build configuration list for PBXNativeTarget "ScrollView" */;
			buildPhases = (
				372327F21AE56B8C001FF2CF /* Sources */,
				372327F31AE56B8C001FF2CF /* Frameworks */,
				372327F41AE56B8C001FF2CF /* Resources */,
			);
			buildRules = (
			);
			dependencies = (
			);
			name = ScrollView;
			productName = ScrollView;
			productReference = 372327F61AE56B8C001FF2CF /* ScrollView.app */;
			productType = "com.apple.product-type.application";
		};
		372328111AE56B8C001FF2CF /* ScrollViewTests */ = {
			isa = PBXNativeTarget;
			buildConfigurationList = 3723281F1AE56B8C001FF2CF /* Build configuration list for PBXNativeTarget "ScrollViewTests" */;
			buildPhases = (
				3723280E1AE56B8C001FF2CF /* Sources */,
				3723280F1AE56B8C001FF2CF /* Frameworks */,
				372328101AE56B8C001FF2CF /* Resources */,
			);
			buildRules = (
			);
			dependencies = (
				372328141AE56B8C001FF2CF /* PBXTargetDependency */,
			);
			name = ScrollViewTests;
			productName = ScrollViewTests;
			productReference = 372328121AE56B8C001FF2CF /* ScrollViewTests.xctest */;
			productType = "com.apple.product-type.bundle.unit-test";
		};
/* End PBXNativeTarget section */

/* Begin PBXProject section */
		372327EE1AE56B8C001FF2CF /* Project object */ = {
			isa = PBXProject;
			attributes = {
				LastUpgradeCheck = 0630;
				ORGANIZATIONNAME = "Balbina Santana";
				TargetAttributes = {
					372327F51AE56B8C001FF2CF = {
						CreatedOnToolsVersion = 6.3;
					};
					372328111AE56B8C001FF2CF = {
						CreatedOnToolsVersion = 6.3;
						TestTargetID = 372327F51AE56B8C001FF2CF;
					};
				};
			};
			buildConfigurationList = 372327F11AE56B8C001FF2CF /* Build configuration list for PBXProject "ScrollView" */;
			compatibilityVersion = "Xcode 3.2";
			developmentRegion = English;
			hasScannedForEncodings = 0;
			knownRegions = (
				en,
				Base,
			);
			mainGroup = 372327ED1AE56B8C001FF2CF;
			productRefGroup = 372327F71AE56B8C001FF2CF /* Products */;
			projectDirPath = "";
			projectRoot = "";
			targets = (
				372327F51AE56B8C001FF2CF /* ScrollView */,
				372328111AE56B8C001FF2CF /* ScrollViewTests */,
			);
		};
/* End PBXProject section */

/* Begin PBXResourcesBuildPhase section */
		372327F41AE56B8C001FF2CF /* Resources */ = {
			isa = PBXResourcesBuildPhase;
			buildActionMask = 2147483647;
			files = (
				372328081AE56B8C001FF2CF /* Main.storyboard in Resources */,
				372328231AE56C2E001FF2CF /* paisaje1.jpg in Resources */,
				3723280D1AE56B8C001FF2CF /* LaunchScreen.xib in Resources */,
				3723280A1AE56B8C001FF2CF /* Images.xcassets in Resources */,
			);
			runOnlyForDeploymentPostprocessing = 0;
		};
		372328101AE56B8C001FF2CF /* Resources */ = {
			isa = PBXResourcesBuildPhase;
			buildActionMask = 2147483647;
			files = (
			);
			runOnlyForDeploymentPostprocessing = 0;
		};
/* End PBXResourcesBuildPhase section */

/* Begin PBXSourcesBuildPhase section */
		372327F21AE56B8C001FF2CF /* Sources */ = {
			isa = PBXSourcesBuildPhase;
			buildActionMask = 2147483647;
			files = (
				372327FF1AE56B8C001FF2CF /* AppDelegate.m in Sources */,
				372327FC1AE56B8C001FF2CF /* main.m in Sources */,
				372328051AE56B8C001FF2CF /* ViewController.m in Sources */,
				372328021AE56B8C001FF2CF /* ScrollView.xcdatamodeld in Sources */,
			);
			runOnlyForDeploymentPostprocessing = 0;
		};
		3723280E1AE56B8C001FF2CF /* Sources */ = {
			isa = PBXSourcesBuildPhase;
			buildActionMask = 2147483647;
			files = (
				372328191AE56B8C001FF2CF /* ScrollViewTests.m in Sources */,
			);
			runOnlyForDeploymentPostprocessing = 0;
		};
/* End PBXSourcesBuildPhase section */

/* Begin PBXTargetDependency section */
		372328141AE56B8C001FF2CF /* PBXTargetDependency */ = {
			isa = PBXTargetDependency;
			target = 372327F51AE56B8C001FF2CF /* ScrollView */;
			targetProxy = 372328131AE56B8C001FF2CF /* PBXContainerItemProxy */;
		};
/* End PBXTargetDependency section */

/* Begin PBXVariantGroup section */
		372328061AE56B8C001FF2CF /* Main.storyboard */ = {
			isa = PBXVariantGroup;
			children = (
				372328071AE56B8C001FF2CF /* Base */,
			);
			name = Main.storyboard;
			sourceTree = "<group>";
		};
		3723280B1AE56B8C001FF2CF /* LaunchScreen.xib */ = {
			isa = PBXVariantGroup;
			children = (
				3723280C1AE56B8C001FF2CF /* Base */,
			);
			name = LaunchScreen.xib;
			sourceTree = "<group>";
		};
/* End PBXVariantGroup section */

/* Begin XCBuildConfiguration section */
		3723281A1AE56B8C001FF2CF /* Debug */ = {
			isa = XCBuildConfiguration;
			buildSettings = {
				ALWAYS_SEARCH_USER_PATHS = NO;
				CLANG_CXX_LANGUAGE_STANDARD = "gnu++0x";
				CLANG_CXX_LIBRARY = "libc++";
				CLANG_ENABLE_MODULES = YES;
				CLANG_ENABLE_OBJC_ARC = YES;
				CLANG_WARN_BOOL_CONVERSION = YES;
				CLANG_WARN_CONSTANT_CONVERSION = YES;
				CLANG_WARN_DIRECT_OBJC_ISA_USAGE = YES_ERROR;
				CLANG_WARN_EMPTY_BODY = YES;
				CLANG_WARN_ENUM_CONVERSION = YES;
				CLANG_WARN_INT_CONVERSION = YES;
				CLANG_WARN_OBJC_ROOT_CLASS = YES_ERROR;
				CLANG_WARN_UNREACHABLE_CODE = YES;
				CLANG_WARN__DUPLICATE_METHOD_MATCH = YES;
				"CODE_SIGN_IDENTITY[sdk=iphoneos*]" = "iPhone Developer";
				COPY_PHASE_STRIP = NO;
				DEBUG_INFORMATION_FORMAT = "dwarf-with-dsym";
				ENABLE_STRICT_OBJC_MSGSEND = YES;
				GCC_C_LANGUAGE_STANDARD = gnu99;
				GCC_DYNAMIC_NO_PIC = NO;
				GCC_NO_COMMON_BLOCKS = YES;
				GCC_OPTIMIZATION_LEVEL = 0;
				GCC_PREPROCESSOR_DEFINITIONS = (
					"DEBUG=1",
					"$(inherited)",
				);
				GCC_SYMBOLS_PRIVATE_EXTERN = NO;
				GCC_WARN_64_TO_32_BIT_CONVERSION = YES;
				GCC_WARN_ABOUT_RETURN_TYPE = YES_ERROR;
				GCC_WARN_UNDECLARED_SELECTOR = YES;
				GCC_WARN_UNINITIALIZED_AUTOS = YES_AGGRESSIVE;
				GCC_WARN_UNUSED_FUNCTION = YES;
				GCC_WARN_UNUSED_VARIABLE = YES;
				IPHONEOS_DEPLOYMENT_TARGET = 8.3;
				MTL_ENABLE_DEBUG_INFO = YES;
				ONLY_ACTIVE_ARCH = YES;
				SDKROOT = iphoneos;
			};
			name = Debug;
		};
		3723281B1AE56B8C001FF2CF /* Release */ = {
			isa = XCBuildConfiguration;
			buildSettings = {
				ALWAYS_SEARCH_USER_PATHS = NO;
				CLANG_CXX_LANGUAGE_STANDARD = "gnu++0x";
				CLANG_CXX_LIBRARY = "libc++";
				CLANG_ENABLE_MODULES = YES;
				CLANG_ENABLE_OBJC_ARC = YES;
				CLANG_WARN_BOOL_CONVERSION = YES;
				CLANG_WARN_CONSTANT_CONVERSION = YES;
				CLANG_WARN_DIRECT_OBJC_ISA_USAGE = YES_ERROR;
				CLANG_WARN_EMPTY_BODY = YES;
				CLANG_WARN_ENUM_CONVERSION = YES;
				CLANG_WARN_INT_CONVERSION = YES;
				CLANG_WARN_OBJC_ROOT_CLASS = YES_ERROR;
				CLANG_WARN_UNREACHABLE_CODE = YES;
				CLANG_WARN__DUPLICATE_METHOD_MATCH = YES;
				"CODE_SIGN_IDENTITY[sdk=iphoneos*]" = "iPhone Developer";
				COPY_PHASE_STRIP = NO;
				DEBUG_INFORMATION_FORMAT = "dwarf-with-dsym";
				ENABLE_NS_ASSERTIONS = NO;
				ENABLE_STRICT_OBJC_MSGSEND = YES;
				GCC_C_LANGUAGE_STANDARD = gnu99;
				GCC_NO_COMMON_BLOCKS = YES;
				GCC_WARN_64_TO_32_BIT_CONVERSION = YES;
				GCC_WARN_ABOUT_RETURN_TYPE = YES_ERROR;
				GCC_WARN_UNDECLARED_SELECTOR = YES;
				GCC_WARN_UNINITIALIZED_AUTOS = YES_AGGRESSIVE;
				GCC_WARN_UNUSED_FUNCTION = YES;
				GCC_WARN_UNUSED_VARIABLE = YES;
				IPHONEOS_DEPLOYMENT_TARGET = 8.3;
				MTL_ENABLE_DEBUG_INFO = NO;
				SDKROOT = iphoneos;
				VALIDATE_PRODUCT = YES;
			};
			name = Release;
		};
		3723281D1AE56B8C001FF2CF /* Debug */ = {
			isa = XCBuildConfiguration;
			buildSettings = {
				ASSETCATALOG_COMPILER_APPICON_NAME = AppIcon;
				INFOPLIST_FILE = ScrollView/Info.plist;
				LD_RUNPATH_SEARCH_PATHS = "$(inherited) @executable_path/Frameworks";
				PRODUCT_NAME = "$(TARGET_NAME)";
			};
			name = Debug;
		};
		3723281E1AE56B8C001FF2CF /* Release */ = {
			isa = XCBuildConfiguration;
			buildSettings = {
				ASSETCATALOG_COMPILER_APPICON_NAME = AppIcon;
				INFOPLIST_FILE = ScrollView/Info.plist;
				LD_RUNPATH_SEARCH_PATHS = "$(inherited) @executable_path/Frameworks";
				PRODUCT_NAME = "$(TARGET_NAME)";
			};
			name = Release;
		};
		372328201AE56B8C001FF2CF /* Debug */ = {
			isa = XCBuildConfiguration;
			buildSettings = {
				BUNDLE_LOADER = "$(TEST_HOST)";
				FRAMEWORK_SEARCH_PATHS = (
					"$(SDKROOT)/Developer/Library/Frameworks",
					"$(inherited)",
				);
				GCC_PREPROCESSOR_DEFINITIONS = (
					"DEBUG=1",
					"$(inherited)",
				);
				INFOPLIST_FILE = ScrollViewTests/Info.plist;
				LD_RUNPATH_SEARCH_PATHS = "$(inherited) @executable_path/Frameworks @loader_path/Frameworks";
				PRODUCT_NAME = "$(TARGET_NAME)";
				TEST_HOST = "$(BUILT_PRODUCTS_DIR)/ScrollView.app/ScrollView";
			};
			name = Debug;
		};
		372328211AE56B8C001FF2CF /* Release */ = {
			isa = XCBuildConfiguration;
			buildSettings = {
				BUNDLE_LOADER = "$(TEST_HOST)";
				FRAMEWORK_SEARCH_PATHS = (
					"$(SDKROOT)/Developer/Library/Frameworks",
					"$(inherited)",
				);
				INFOPLIST_FILE = ScrollViewTests/Info.plist;
				LD_RUNPATH_SEARCH_PATHS = "$(inherited) @executable_path/Frameworks @loader_path/Frameworks";
				PRODUCT_NAME = "$(TARGET_NAME)";
				TEST_HOST = "$(BUILT_PRODUCTS_DIR)/ScrollView.app/ScrollView";
			};
			name = Release;
		};
/* End XCBuildConfiguration section */

/* Begin XCConfigurationList section */
		372327F11AE56B8C001FF2CF /* Build configuration list for PBXProject "ScrollView" */ = {
			isa = XCConfigurationList;
			buildConfigurations = (
				3723281A1AE56B8C001FF2CF /* Debug */,
				3723281B1AE56B8C001FF2CF /* Release */,
			);
			defaultConfigurationIsVisible = 0;
			defaultConfigurationName = Release;
		};
		3723281C1AE56B8C001FF2CF /* Build configuration list for PBXNativeTarget "ScrollView" */ = {
			isa = XCConfigurationList;
			buildConfigurations = (
				3723281D1AE56B8C001FF2CF /* Debug */,
				3723281E1AE56B8C001FF2CF /* Release */,
			);
			defaultConfigurationIsVisible = 0;
		};
		3723281F1AE56B8C001FF2CF /* Build configuration list for PBXNativeTarget "ScrollViewTests" */ = {
			isa = XCConfigurationList;
			buildConfigurations = (
				372328201AE56B8C001FF2CF /* Debug */,
				372328211AE56B8C001FF2CF /* Release */,
			);
			defaultConfigurationIsVisible = 0;
		};
/* End XCConfigurationList section */

/* Begin XCVersionGroup section */
		372328001AE56B8C001FF2CF /* ScrollView.xcdatamodeld */ = {
			isa = XCVersionGroup;
			children = (
				372328011AE56B8C001FF2CF /* ScrollView.xcdatamodel */,
			);
			currentVersion = 372328011AE56B8C001FF2CF /* ScrollView.xcdatamodel */;
			path = ScrollView.xcdatamodeld;
			sourceTree = "<group>";
			versionGroupType = wrapper.xcdatamodel;
		};
/* End XCVersionGroup section */
	};
	rootObject = 372327EE1AE56B8C001FF2CF /* Project object */;
}
