// !$*UTF8*$!
{
	archiveVersion = 1;
	classes = {
	};
	objectVersion = 46;
	objects = {

/* Begin PBXBuildFile section */
		370C53991A7AB09700662CF7 /* main.m in Sources */ = {isa = PBXBuildFile; fileRef = 370C53981A7AB09700662CF7 /* main.m */; };
		370C539C1A7AB09700662CF7 /* AppDelegate.m in Sources */ = {isa = PBXBuildFile; fileRef = 370C539B1A7AB09700662CF7 /* AppDelegate.m */; };
		370C539F1A7AB09700662CF7 /* ViewController.m in Sources */ = {isa = PBXBuildFile; fileRef = 370C539E1A7AB09700662CF7 /* ViewController.m */; };
		370C53A21A7AB09700662CF7 /* Main.storyboard in Resources */ = {isa = PBXBuildFile; fileRef = 370C53A01A7AB09700662CF7 /* Main.storyboard */; };
		370C53A41A7AB09700662CF7 /* Images.xcassets in Resources */ = {isa = PBXBuildFile; fileRef = 370C53A31A7AB09700662CF7 /* Images.xcassets */; };
		370C53A71A7AB09700662CF7 /* LaunchScreen.xib in Resources */ = {isa = PBXBuildFile; fileRef = 370C53A51A7AB09700662CF7 /* LaunchScreen.xib */; };
		370C53B31A7AB09700662CF7 /* StoryboardTests.m in Sources */ = {isa = PBXBuildFile; fileRef = 370C53B21A7AB09700662CF7 /* StoryboardTests.m */; };
		370C53BD1A7AB54500662CF7 /* OcarinaofTime.jpg in Resources */ = {isa = PBXBuildFile; fileRef = 370C53BC1A7AB54500662CF7 /* OcarinaofTime.jpg */; };
		370C53C01A7AB6D600662CF7 /* ViewControllerInicialViewController.m in Sources */ = {isa = PBXBuildFile; fileRef = 370C53BF1A7AB6D600662CF7 /* ViewControllerInicialViewController.m */; };
		370C53C31A7AB6E700662CF7 /* ViewControllerInformacion.m in Sources */ = {isa = PBXBuildFile; fileRef = 370C53C21A7AB6E700662CF7 /* ViewControllerInformacion.m */; };
		370C53C61A7AB6F300662CF7 /* ViewControllerEditar.m in Sources */ = {isa = PBXBuildFile; fileRef = 370C53C51A7AB6F300662CF7 /* ViewControllerEditar.m */; };
/* End PBXBuildFile section */

/* Begin PBXContainerItemProxy section */
		370C53AD1A7AB09700662CF7 /* PBXContainerItemProxy */ = {
			isa = PBXContainerItemProxy;
			containerPortal = 370C538B1A7AB09600662CF7 /* Project object */;
			proxyType = 1;
			remoteGlobalIDString = 370C53921A7AB09600662CF7;
			remoteInfo = Storyboard;
		};
/* End PBXContainerItemProxy section */

/* Begin PBXFileReference section */
		370C53931A7AB09700662CF7 /* Storyboard.app */ = {isa = PBXFileReference; explicitFileType = wrapper.application; includeInIndex = 0; path = Storyboard.app; sourceTree = BUILT_PRODUCTS_DIR; };
		370C53971A7AB09700662CF7 /* Info.plist */ = {isa = PBXFileReference; lastKnownFileType = text.plist.xml; path = Info.plist; sourceTree = "<group>"; };
		370C53981A7AB09700662CF7 /* main.m */ = {isa = PBXFileReference; lastKnownFileType = sourcecode.c.objc; path = main.m; sourceTree = "<group>"; };
		370C539A1A7AB09700662CF7 /* AppDelegate.h */ = {isa = PBXFileReference; lastKnownFileType = sourcecode.c.h; path = AppDelegate.h; sourceTree = "<group>"; };
		370C539B1A7AB09700662CF7 /* AppDelegate.m */ = {isa = PBXFileReference; lastKnownFileType = sourcecode.c.objc; path = AppDelegate.m; sourceTree = "<group>"; };
		370C539D1A7AB09700662CF7 /* ViewController.h */ = {isa = PBXFileReference; lastKnownFileType = sourcecode.c.h; path = ViewController.h; sourceTree = "<group>"; };
		370C539E1A7AB09700662CF7 /* ViewController.m */ = {isa = PBXFileReference; lastKnownFileType = sourcecode.c.objc; path = ViewController.m; sourceTree = "<group>"; };
		370C53A11A7AB09700662CF7 /* Base */ = {isa = PBXFileReference; lastKnownFileType = file.storyboard; name = Base; path = Base.lproj/Main.storyboard; sourceTree = "<group>"; };
		370C53A31A7AB09700662CF7 /* Images.xcassets */ = {isa = PBXFileReference; lastKnownFileType = folder.assetcatalog; path = Images.xcassets; sourceTree = "<group>"; };
		370C53A61A7AB09700662CF7 /* Base */ = {isa = PBXFileReference; lastKnownFileType = file.xib; name = Base; path = Base.lproj/LaunchScreen.xib; sourceTree = "<group>"; };
		370C53AC1A7AB09700662CF7 /* StoryboardTests.xctest */ = {isa = PBXFileReference; explicitFileType = wrapper.cfbundle; includeInIndex = 0; path = StoryboardTests.xctest; sourceTree = BUILT_PRODUCTS_DIR; };
		370C53B11A7AB09700662CF7 /* Info.plist */ = {isa = PBXFileReference; lastKnownFileType = text.plist.xml; path = Info.plist; sourceTree = "<group>"; };
		370C53B21A7AB09700662CF7 /* StoryboardTests.m */ = {isa = PBXFileReference; lastKnownFileType = sourcecode.c.objc; path = StoryboardTests.m; sourceTree = "<group>"; };
		370C53BC1A7AB54500662CF7 /* OcarinaofTime.jpg */ = {isa = PBXFileReference; lastKnownFileType = image.jpeg; name = OcarinaofTime.jpg; path = /Volumes/Balbina/Pictures/OcarinaofTime.jpg; sourceTree = "<absolute>"; };
		370C53BE1A7AB6D600662CF7 /* ViewControllerInicialViewController.h */ = {isa = PBXFileReference; fileEncoding = 4; lastKnownFileType = sourcecode.c.h; path = ViewControllerInicialViewController.h; sourceTree = "<group>"; };
		370C53BF1A7AB6D600662CF7 /* ViewControllerInicialViewController.m */ = {isa = PBXFileReference; fileEncoding = 4; lastKnownFileType = sourcecode.c.objc; path = ViewControllerInicialViewController.m; sourceTree = "<group>"; };
		370C53C11A7AB6E700662CF7 /* ViewControllerInformacion.h */ = {isa = PBXFileReference; fileEncoding = 4; lastKnownFileType = sourcecode.c.h; path = ViewControllerInformacion.h; sourceTree = "<group>"; };
		370C53C21A7AB6E700662CF7 /* ViewControllerInformacion.m */ = {isa = PBXFileReference; fileEncoding = 4; lastKnownFileType = sourcecode.c.objc; path = ViewControllerInformacion.m; sourceTree = "<group>"; };
		370C53C41A7AB6F300662CF7 /* ViewControllerEditar.h */ = {isa = PBXFileReference; fileEncoding = 4; lastKnownFileType = sourcecode.c.h; path = ViewControllerEditar.h; sourceTree = "<group>"; };
		370C53C51A7AB6F300662CF7 /* ViewControllerEditar.m */ = {isa = PBXFileReference; fileEncoding = 4; lastKnownFileType = sourcecode.c.objc; path = ViewControllerEditar.m; sourceTree = "<group>"; };
/* End PBXFileReference section */

/* Begin PBXFrameworksBuildPhase section */
		370C53901A7AB09600662CF7 /* Frameworks */ = {
			isa = PBXFrameworksBuildPhase;
			buildActionMask = 2147483647;
			files = (
			);
			runOnlyForDeploymentPostprocessing = 0;
		};
		370C53A91A7AB09700662CF7 /* Frameworks */ = {
			isa = PBXFrameworksBuildPhase;
			buildActionMask = 2147483647;
			files = (
			);
			runOnlyForDeploymentPostprocessing = 0;
		};
/* End PBXFrameworksBuildPhase section */

/* Begin PBXGroup section */
		370C538A1A7AB09600662CF7 = {
			isa = PBXGroup;
			children = (
				370C53951A7AB09700662CF7 /* Storyboard */,
				370C53AF1A7AB09700662CF7 /* StoryboardTests */,
				370C53941A7AB09700662CF7 /* Products */,
			);
			sourceTree = "<group>";
		};
		370C53941A7AB09700662CF7 /* Products */ = {
			isa = PBXGroup;
			children = (
				370C53931A7AB09700662CF7 /* Storyboard.app */,
				370C53AC1A7AB09700662CF7 /* StoryboardTests.xctest */,
			);
			name = Products;
			sourceTree = "<group>";
		};
		370C53951A7AB09700662CF7 /* Storyboard */ = {
			isa = PBXGroup;
			children = (
				370C53BC1A7AB54500662CF7 /* OcarinaofTime.jpg */,
				370C539A1A7AB09700662CF7 /* AppDelegate.h */,
				370C539B1A7AB09700662CF7 /* AppDelegate.m */,
				370C539D1A7AB09700662CF7 /* ViewController.h */,
				370C539E1A7AB09700662CF7 /* ViewController.m */,
				370C53BE1A7AB6D600662CF7 /* ViewControllerInicialViewController.h */,
				370C53BF1A7AB6D600662CF7 /* ViewControllerInicialViewController.m */,
				370C53C11A7AB6E700662CF7 /* ViewControllerInformacion.h */,
				370C53C21A7AB6E700662CF7 /* ViewControllerInformacion.m */,
				370C53C41A7AB6F300662CF7 /* ViewControllerEditar.h */,
				370C53C51A7AB6F300662CF7 /* ViewControllerEditar.m */,
				370C53A01A7AB09700662CF7 /* Main.storyboard */,
				370C53A31A7AB09700662CF7 /* Images.xcassets */,
				370C53A51A7AB09700662CF7 /* LaunchScreen.xib */,
				370C53961A7AB09700662CF7 /* Supporting Files */,
			);
			path = Storyboard;
			sourceTree = "<group>";
		};
		370C53961A7AB09700662CF7 /* Supporting Files */ = {
			isa = PBXGroup;
			children = (
				370C53971A7AB09700662CF7 /* Info.plist */,
				370C53981A7AB09700662CF7 /* main.m */,
			);
			name = "Supporting Files";
			sourceTree = "<group>";
		};
		370C53AF1A7AB09700662CF7 /* StoryboardTests */ = {
			isa = PBXGroup;
			children = (
				370C53B21A7AB09700662CF7 /* StoryboardTests.m */,
				370C53B01A7AB09700662CF7 /* Supporting Files */,
			);
			path = StoryboardTests;
			sourceTree = "<group>";
		};
		370C53B01A7AB09700662CF7 /* Supporting Files */ = {
			isa = PBXGroup;
			children = (
				370C53B11A7AB09700662CF7 /* Info.plist */,
			);
			name = "Supporting Files";
			sourceTree = "<group>";
		};
/* End PBXGroup section */

/* Begin PBXNativeTarget section */
		370C53921A7AB09600662CF7 /* Storyboard */ = {
			isa = PBXNativeTarget;
			buildConfigurationList = 370C53B61A7AB09700662CF7 /* Build configuration list for PBXNativeTarget "Storyboard" */;
			buildPhases = (
				370C538F1A7AB09600662CF7 /* Sources */,
				370C53901A7AB09600662CF7 /* Frameworks */,
				370C53911A7AB09600662CF7 /* Resources */,
			);
			buildRules = (
			);
			dependencies = (
			);
			name = Storyboard;
			productName = Storyboard;
			productReference = 370C53931A7AB09700662CF7 /* Storyboard.app */;
			productType = "com.apple.product-type.application";
		};
		370C53AB1A7AB09700662CF7 /* StoryboardTests */ = {
			isa = PBXNativeTarget;
			buildConfigurationList = 370C53B91A7AB09700662CF7 /* Build configuration list for PBXNativeTarget "StoryboardTests" */;
			buildPhases = (
				370C53A81A7AB09700662CF7 /* Sources */,
				370C53A91A7AB09700662CF7 /* Frameworks */,
				370C53AA1A7AB09700662CF7 /* Resources */,
			);
			buildRules = (
			);
			dependencies = (
				370C53AE1A7AB09700662CF7 /* PBXTargetDependency */,
			);
			name = StoryboardTests;
			productName = StoryboardTests;
			productReference = 370C53AC1A7AB09700662CF7 /* StoryboardTests.xctest */;
			productType = "com.apple.product-type.bundle.unit-test";
		};
/* End PBXNativeTarget section */

/* Begin PBXProject section */
		370C538B1A7AB09600662CF7 /* Project object */ = {
			isa = PBXProject;
			attributes = {
				LastUpgradeCheck = 0610;
				ORGANIZATIONNAME = "Balbina Santana";
				TargetAttributes = {
					370C53921A7AB09600662CF7 = {
						CreatedOnToolsVersion = 6.1.1;
					};
					370C53AB1A7AB09700662CF7 = {
						CreatedOnToolsVersion = 6.1.1;
						TestTargetID = 370C53921A7AB09600662CF7;
					};
				};
			};
			buildConfigurationList = 370C538E1A7AB09600662CF7 /* Build configuration list for PBXProject "Storyboard" */;
			compatibilityVersion = "Xcode 3.2";
			developmentRegion = English;
			hasScannedForEncodings = 0;
			knownRegions = (
				en,
				Base,
			);
			mainGroup = 370C538A1A7AB09600662CF7;
			productRefGroup = 370C53941A7AB09700662CF7 /* Products */;
			projectDirPath = "";
			projectRoot = "";
			targets = (
				370C53921A7AB09600662CF7 /* Storyboard */,
				370C53AB1A7AB09700662CF7 /* StoryboardTests */,
			);
		};
/* End PBXProject section */

/* Begin PBXResourcesBuildPhase section */
		370C53911A7AB09600662CF7 /* Resources */ = {
			isa = PBXResourcesBuildPhase;
			buildActionMask = 2147483647;
			files = (
				370C53A21A7AB09700662CF7 /* Main.storyboard in Resources */,
				370C53BD1A7AB54500662CF7 /* OcarinaofTime.jpg in Resources */,
				370C53A71A7AB09700662CF7 /* LaunchScreen.xib in Resources */,
				370C53A41A7AB09700662CF7 /* Images.xcassets in Resources */,
			);
			runOnlyForDeploymentPostprocessing = 0;
		};
		370C53AA1A7AB09700662CF7 /* Resources */ = {
			isa = PBXResourcesBuildPhase;
			buildActionMask = 2147483647;
			files = (
			);
			runOnlyForDeploymentPostprocessing = 0;
		};
/* End PBXResourcesBuildPhase section */

/* Begin PBXSourcesBuildPhase section */
		370C538F1A7AB09600662CF7 /* Sources */ = {
			isa = PBXSourcesBuildPhase;
			buildActionMask = 2147483647;
			files = (
				370C53C31A7AB6E700662CF7 /* ViewControllerInformacion.m in Sources */,
				370C539F1A7AB09700662CF7 /* ViewController.m in Sources */,
				370C539C1A7AB09700662CF7 /* AppDelegate.m in Sources */,
				370C53C61A7AB6F300662CF7 /* ViewControllerEditar.m in Sources */,
				370C53991A7AB09700662CF7 /* main.m in Sources */,
				370C53C01A7AB6D600662CF7 /* ViewControllerInicialViewController.m in Sources */,
			);
			runOnlyForDeploymentPostprocessing = 0;
		};
		370C53A81A7AB09700662CF7 /* Sources */ = {
			isa = PBXSourcesBuildPhase;
			buildActionMask = 2147483647;
			files = (
				370C53B31A7AB09700662CF7 /* StoryboardTests.m in Sources */,
			);
			runOnlyForDeploymentPostprocessing = 0;
		};
/* End PBXSourcesBuildPhase section */

/* Begin PBXTargetDependency section */
		370C53AE1A7AB09700662CF7 /* PBXTargetDependency */ = {
			isa = PBXTargetDependency;
			target = 370C53921A7AB09600662CF7 /* Storyboard */;
			targetProxy = 370C53AD1A7AB09700662CF7 /* PBXContainerItemProxy */;
		};
/* End PBXTargetDependency section */

/* Begin PBXVariantGroup section */
		370C53A01A7AB09700662CF7 /* Main.storyboard */ = {
			isa = PBXVariantGroup;
			children = (
				370C53A11A7AB09700662CF7 /* Base */,
			);
			name = Main.storyboard;
			sourceTree = "<group>";
		};
		370C53A51A7AB09700662CF7 /* LaunchScreen.xib */ = {
			isa = PBXVariantGroup;
			children = (
				370C53A61A7AB09700662CF7 /* Base */,
			);
			name = LaunchScreen.xib;
			sourceTree = "<group>";
		};
/* End PBXVariantGroup section */

/* Begin XCBuildConfiguration section */
		370C53B41A7AB09700662CF7 /* Debug */ = {
			isa = XCBuildConfiguration;
			buildSettings = {
				ALWAYS_SEARCH_USER_PATHS = NO;
				CLANG_CXX_LANGUAGE_STANDARD = "gnu++0x";
				CLANG_CXX_LIBRARY = "libc++";
				CLANG_ENABLE_MODULES = YES;
				CLANG_ENABLE_OBJC_ARC = YES;
				CLANG_WARN_BOOL_CONVERSION = YES;
				CLANG_WARN_CONSTANT_CONVERSION = YES;
				CLANG_WARN_DIRECT_OBJC_ISA_USAGE = YES_ERROR;
				CLANG_WARN_EMPTY_BODY = YES;
				CLANG_WARN_ENUM_CONVERSION = YES;
				CLANG_WARN_INT_CONVERSION = YES;
				CLANG_WARN_OBJC_ROOT_CLASS = YES_ERROR;
				CLANG_WARN_UNREACHABLE_CODE = YES;
				CLANG_WARN__DUPLICATE_METHOD_MATCH = YES;
				"CODE_SIGN_IDENTITY[sdk=iphoneos*]" = "iPhone Developer";
				COPY_PHASE_STRIP = NO;
				ENABLE_STRICT_OBJC_MSGSEND = YES;
				GCC_C_LANGUAGE_STANDARD = gnu99;
				GCC_DYNAMIC_NO_PIC = NO;
				GCC_OPTIMIZATION_LEVEL = 0;
				GCC_PREPROCESSOR_DEFINITIONS = (
					"DEBUG=1",
					"$(inherited)",
				);
				GCC_SYMBOLS_PRIVATE_EXTERN = NO;
				GCC_WARN_64_TO_32_BIT_CONVERSION = YES;
				GCC_WARN_ABOUT_RETURN_TYPE = YES_ERROR;
				GCC_WARN_UNDECLARED_SELECTOR = YES;
				GCC_WARN_UNINITIALIZED_AUTOS = YES_AGGRESSIVE;
				GCC_WARN_UNUSED_FUNCTION = YES;
				GCC_WARN_UNUSED_VARIABLE = YES;
				IPHONEOS_DEPLOYMENT_TARGET = 8.1;
				MTL_ENABLE_DEBUG_INFO = YES;
				ONLY_ACTIVE_ARCH = YES;
				SDKROOT = iphoneos;
			};
			name = Debug;
		};
		370C53B51A7AB09700662CF7 /* Release */ = {
			isa = XCBuildConfiguration;
			buildSettings = {
				ALWAYS_SEARCH_USER_PATHS = NO;
				CLANG_CXX_LANGUAGE_STANDARD = "gnu++0x";
				CLANG_CXX_LIBRARY = "libc++";
				CLANG_ENABLE_MODULES = YES;
				CLANG_ENABLE_OBJC_ARC = YES;
				CLANG_WARN_BOOL_CONVERSION = YES;
				CLANG_WARN_CONSTANT_CONVERSION = YES;
				CLANG_WARN_DIRECT_OBJC_ISA_USAGE = YES_ERROR;
				CLANG_WARN_EMPTY_BODY = YES;
				CLANG_WARN_ENUM_CONVERSION = YES;
				CLANG_WARN_INT_CONVERSION = YES;
				CLANG_WARN_OBJC_ROOT_CLASS = YES_ERROR;
				CLANG_WARN_UNREACHABLE_CODE = YES;
				CLANG_WARN__DUPLICATE_METHOD_MATCH = YES;
				"CODE_SIGN_IDENTITY[sdk=iphoneos*]" = "iPhone Developer";
				COPY_PHASE_STRIP = YES;
				ENABLE_NS_ASSERTIONS = NO;
				ENABLE_STRICT_OBJC_MSGSEND = YES;
				GCC_C_LANGUAGE_STANDARD = gnu99;
				GCC_WARN_64_TO_32_BIT_CONVERSION = YES;
				GCC_WARN_ABOUT_RETURN_TYPE = YES_ERROR;
				GCC_WARN_UNDECLARED_SELECTOR = YES;
				GCC_WARN_UNINITIALIZED_AUTOS = YES_AGGRESSIVE;
				GCC_WARN_UNUSED_FUNCTION = YES;
				GCC_WARN_UNUSED_VARIABLE = YES;
				IPHONEOS_DEPLOYMENT_TARGET = 8.1;
				MTL_ENABLE_DEBUG_INFO = NO;
				SDKROOT = iphoneos;
				VALIDATE_PRODUCT = YES;
			};
			name = Release;
		};
		370C53B71A7AB09700662CF7 /* Debug */ = {
			isa = XCBuildConfiguration;
			buildSettings = {
				ASSETCATALOG_COMPILER_APPICON_NAME = AppIcon;
				INFOPLIST_FILE = Storyboard/Info.plist;
				LD_RUNPATH_SEARCH_PATHS = "$(inherited) @executable_path/Frameworks";
				PRODUCT_NAME = "$(TARGET_NAME)";
			};
			name = Debug;
		};
		370C53B81A7AB09700662CF7 /* Release */ = {
			isa = XCBuildConfiguration;
			buildSettings = {
				ASSETCATALOG_COMPILER_APPICON_NAME = AppIcon;
				INFOPLIST_FILE = Storyboard/Info.plist;
				LD_RUNPATH_SEARCH_PATHS = "$(inherited) @executable_path/Frameworks";
				PRODUCT_NAME = "$(TARGET_NAME)";
			};
			name = Release;
		};
		370C53BA1A7AB09700662CF7 /* Debug */ = {
			isa = XCBuildConfiguration;
			buildSettings = {
				BUNDLE_LOADER = "$(TEST_HOST)";
				FRAMEWORK_SEARCH_PATHS = (
					"$(SDKROOT)/Developer/Library/Frameworks",
					"$(inherited)",
				);
				GCC_PREPROCESSOR_DEFINITIONS = (
					"DEBUG=1",
					"$(inherited)",
				);
				INFOPLIST_FILE = StoryboardTests/Info.plist;
				LD_RUNPATH_SEARCH_PATHS = "$(inherited) @executable_path/Frameworks @loader_path/Frameworks";
				PRODUCT_NAME = "$(TARGET_NAME)";
				TEST_HOST = "$(BUILT_PRODUCTS_DIR)/Storyboard.app/Storyboard";
			};
			name = Debug;
		};
		370C53BB1A7AB09700662CF7 /* Release */ = {
			isa = XCBuildConfiguration;
			buildSettings = {
				BUNDLE_LOADER = "$(TEST_HOST)";
				FRAMEWORK_SEARCH_PATHS = (
					"$(SDKROOT)/Developer/Library/Frameworks",
					"$(inherited)",
				);
				INFOPLIST_FILE = StoryboardTests/Info.plist;
				LD_RUNPATH_SEARCH_PATHS = "$(inherited) @executable_path/Frameworks @loader_path/Frameworks";
				PRODUCT_NAME = "$(TARGET_NAME)";
				TEST_HOST = "$(BUILT_PRODUCTS_DIR)/Storyboard.app/Storyboard";
			};
			name = Release;
		};
/* End XCBuildConfiguration section */

/* Begin XCConfigurationList section */
		370C538E1A7AB09600662CF7 /* Build configuration list for PBXProject "Storyboard" */ = {
			isa = XCConfigurationList;
			buildConfigurations = (
				370C53B41A7AB09700662CF7 /* Debug */,
				370C53B51A7AB09700662CF7 /* Release */,
			);
			defaultConfigurationIsVisible = 0;
			defaultConfigurationName = Release;
		};
		370C53B61A7AB09700662CF7 /* Build configuration list for PBXNativeTarget "Storyboard" */ = {
			isa = XCConfigurationList;
			buildConfigurations = (
				370C53B71A7AB09700662CF7 /* Debug */,
				370C53B81A7AB09700662CF7 /* Release */,
			);
			defaultConfigurationIsVisible = 0;
		};
		370C53B91A7AB09700662CF7 /* Build configuration list for PBXNativeTarget "StoryboardTests" */ = {
			isa = XCConfigurationList;
			buildConfigurations = (
				370C53BA1A7AB09700662CF7 /* Debug */,
				370C53BB1A7AB09700662CF7 /* Release */,
			);
			defaultConfigurationIsVisible = 0;
		};
/* End XCConfigurationList section */
	};
	rootObject = 370C538B1A7AB09600662CF7 /* Project object */;
}
